// !$*UTF8*$!
{
	archiveVersion = 1;
	classes = {
	};
	objectVersion = 50;
	objects = {

/* Begin PBXBuildFile section */
		990CA4E0256AC236004A8105 /* AppDelegate.swift in Sources */ = {isa = PBXBuildFile; fileRef = 990CA4DF256AC236004A8105 /* AppDelegate.swift */; };
		990CA4E2256AC236004A8105 /* SceneDelegate.swift in Sources */ = {isa = PBXBuildFile; fileRef = 990CA4E1256AC236004A8105 /* SceneDelegate.swift */; };
		990CA4E9256AC238004A8105 /* Assets.xcassets in Resources */ = {isa = PBXBuildFile; fileRef = 990CA4E8256AC238004A8105 /* Assets.xcassets */; };
		990CA4EC256AC238004A8105 /* LaunchScreen.storyboard in Resources */ = {isa = PBXBuildFile; fileRef = 990CA4EA256AC238004A8105 /* LaunchScreen.storyboard */; };
		990CA4F7256AC2F3004A8105 /* FirstVC.swift in Sources */ = {isa = PBXBuildFile; fileRef = 990CA4F6256AC2F3004A8105 /* FirstVC.swift */; };
		990CA4FA256AC30F004A8105 /* NextButton.swift in Sources */ = {isa = PBXBuildFile; fileRef = 990CA4F9256AC30F004A8105 /* NextButton.swift */; };
		990CA4FD256AC323004A8105 /* Colors.swift in Sources */ = {isa = PBXBuildFile; fileRef = 990CA4FC256AC323004A8105 /* Colors.swift */; };
		990CA500256AC42C004A8105 /* BaseNC.swift in Sources */ = {isa = PBXBuildFile; fileRef = 990CA4FF256AC42C004A8105 /* BaseNC.swift */; };
		990CA50C256AC592004A8105 /* SF-Pro-Display-Semibold.otf in Resources */ = {isa = PBXBuildFile; fileRef = 990CA503256AC590004A8105 /* SF-Pro-Display-Semibold.otf */; };
		990CA50D256AC592004A8105 /* SF-Pro-Display-Bold.otf in Resources */ = {isa = PBXBuildFile; fileRef = 990CA504256AC591004A8105 /* SF-Pro-Display-Bold.otf */; };
		990CA50E256AC592004A8105 /* SF-Pro-Text-Medium.otf in Resources */ = {isa = PBXBuildFile; fileRef = 990CA505256AC591004A8105 /* SF-Pro-Text-Medium.otf */; };
		990CA50F256AC592004A8105 /* SF-Pro-Text-Bold.otf in Resources */ = {isa = PBXBuildFile; fileRef = 990CA506256AC591004A8105 /* SF-Pro-Text-Bold.otf */; };
		990CA510256AC592004A8105 /* SF-Pro-Text-Regular.otf in Resources */ = {isa = PBXBuildFile; fileRef = 990CA507256AC591004A8105 /* SF-Pro-Text-Regular.otf */; };
		990CA511256AC592004A8105 /* SF-Pro-Text-Semibold.otf in Resources */ = {isa = PBXBuildFile; fileRef = 990CA508256AC591004A8105 /* SF-Pro-Text-Semibold.otf */; };
		990CA512256AC592004A8105 /* SF-Pro-Rounded-Medium.otf in Resources */ = {isa = PBXBuildFile; fileRef = 990CA509256AC591004A8105 /* SF-Pro-Rounded-Medium.otf */; };
		990CA513256AC592004A8105 /* SF-Pro-Display-Regular.otf in Resources */ = {isa = PBXBuildFile; fileRef = 990CA50A256AC591004A8105 /* SF-Pro-Display-Regular.otf */; };
		990CA514256AC592004A8105 /* SF-Pro-Display-Medium.otf in Resources */ = {isa = PBXBuildFile; fileRef = 990CA50B256AC592004A8105 /* SF-Pro-Display-Medium.otf */; };
		990CA51E256ADB7B004A8105 /* Fonts.swift in Sources */ = {isa = PBXBuildFile; fileRef = 990CA51D256ADB7B004A8105 /* Fonts.swift */; };
		990CA521256AE4AB004A8105 /* TitleLabel.swift in Sources */ = {isa = PBXBuildFile; fileRef = 990CA520256AE4AB004A8105 /* TitleLabel.swift */; };
		990CA524256AE656004A8105 /* DateOfBirsthVC.swift in Sources */ = {isa = PBXBuildFile; fileRef = 990CA523256AE656004A8105 /* DateOfBirsthVC.swift */; };
		990CA527256AE6E9004A8105 /* BaseVC.swift in Sources */ = {isa = PBXBuildFile; fileRef = 990CA526256AE6E9004A8105 /* BaseVC.swift */; };
		990CA52B256AE860004A8105 /* TimeOfBirsthVC.swift in Sources */ = {isa = PBXBuildFile; fileRef = 990CA52A256AE860004A8105 /* TimeOfBirsthVC.swift */; };
		990CA52E256AE8E7004A8105 /* CityOfBirsthVC.swift in Sources */ = {isa = PBXBuildFile; fileRef = 990CA52D256AE8E7004A8105 /* CityOfBirsthVC.swift */; };
		990CA531256AE913004A8105 /* GenderVC.swift in Sources */ = {isa = PBXBuildFile; fileRef = 990CA530256AE913004A8105 /* GenderVC.swift */; };
		990CA534256AE943004A8105 /* NameVC.swift in Sources */ = {isa = PBXBuildFile; fileRef = 990CA533256AE943004A8105 /* NameVC.swift */; };
		990CA537256AE971004A8105 /* RelationShipsVC.swift in Sources */ = {isa = PBXBuildFile; fileRef = 990CA536256AE971004A8105 /* RelationShipsVC.swift */; };
		990CA53A256AE9A7004A8105 /* HandVC.swift in Sources */ = {isa = PBXBuildFile; fileRef = 990CA539256AE9A7004A8105 /* HandVC.swift */; };
		990CA53D256AEB41004A8105 /* DatePicker.swift in Sources */ = {isa = PBXBuildFile; fileRef = 990CA53C256AEB41004A8105 /* DatePicker.swift */; };
		9923FF80258019B1004F1F02 /* BigTextField.swift in Sources */ = {isa = PBXBuildFile; fileRef = 9923FF7F258019B1004F1F02 /* BigTextField.swift */; };
		9923FF9D25801EA8004F1F02 /* GenderButton.swift in Sources */ = {isa = PBXBuildFile; fileRef = 9923FF9C25801EA8004F1F02 /* GenderButton.swift */; };
		9923FFA025802640004F1F02 /* GenderLabel.swift in Sources */ = {isa = PBXBuildFile; fileRef = 9923FF9F25802640004F1F02 /* GenderLabel.swift */; };
		9923FFA325802C26004F1F02 /* PayWallVC.swift in Sources */ = {isa = PBXBuildFile; fileRef = 9923FFA225802C26004F1F02 /* PayWallVC.swift */; };
		9923FFA625802CAC004F1F02 /* FeaturesView.swift in Sources */ = {isa = PBXBuildFile; fileRef = 9923FFA525802CAC004F1F02 /* FeaturesView.swift */; };
		9979BF9225742636005E4ED3 /* MobileNetV2.mlmodel in Sources */ = {isa = PBXBuildFile; fileRef = 9979BF9125742636005E4ED3 /* MobileNetV2.mlmodel */; };
		9979BF9525742EAA005E4ED3 /* HandForAstroSkope.mlmodel in Sources */ = {isa = PBXBuildFile; fileRef = 9979BF9425742EAA005E4ED3 /* HandForAstroSkope.mlmodel */; };
		99CF4F99258014FE00F74D68 /* ClearButton.swift in Sources */ = {isa = PBXBuildFile; fileRef = 99CF4F98258014FE00F74D68 /* ClearButton.swift */; };
/* End PBXBuildFile section */

/* Begin PBXFileReference section */
		990CA4DC256AC236004A8105 /* Gliese_581.app */ = {isa = PBXFileReference; explicitFileType = wrapper.application; includeInIndex = 0; path = Gliese_581.app; sourceTree = BUILT_PRODUCTS_DIR; };
		990CA4DF256AC236004A8105 /* AppDelegate.swift */ = {isa = PBXFileReference; lastKnownFileType = sourcecode.swift; path = AppDelegate.swift; sourceTree = "<group>"; };
		990CA4E1256AC236004A8105 /* SceneDelegate.swift */ = {isa = PBXFileReference; lastKnownFileType = sourcecode.swift; path = SceneDelegate.swift; sourceTree = "<group>"; };
		990CA4E8256AC238004A8105 /* Assets.xcassets */ = {isa = PBXFileReference; lastKnownFileType = folder.assetcatalog; path = Assets.xcassets; sourceTree = "<group>"; };
		990CA4EB256AC238004A8105 /* Base */ = {isa = PBXFileReference; lastKnownFileType = file.storyboard; name = Base; path = Base.lproj/LaunchScreen.storyboard; sourceTree = "<group>"; };
		990CA4ED256AC238004A8105 /* Info.plist */ = {isa = PBXFileReference; lastKnownFileType = text.plist.xml; path = Info.plist; sourceTree = "<group>"; };
		990CA4F6256AC2F3004A8105 /* FirstVC.swift */ = {isa = PBXFileReference; lastKnownFileType = sourcecode.swift; path = FirstVC.swift; sourceTree = "<group>"; };
		990CA4F9256AC30F004A8105 /* NextButton.swift */ = {isa = PBXFileReference; lastKnownFileType = sourcecode.swift; path = NextButton.swift; sourceTree = "<group>"; };
		990CA4FC256AC323004A8105 /* Colors.swift */ = {isa = PBXFileReference; lastKnownFileType = sourcecode.swift; path = Colors.swift; sourceTree = "<group>"; };
		990CA4FF256AC42C004A8105 /* BaseNC.swift */ = {isa = PBXFileReference; lastKnownFileType = sourcecode.swift; path = BaseNC.swift; sourceTree = "<group>"; };
		990CA503256AC590004A8105 /* SF-Pro-Display-Semibold.otf */ = {isa = PBXFileReference; lastKnownFileType = file; path = "SF-Pro-Display-Semibold.otf"; sourceTree = "<group>"; };
		990CA504256AC591004A8105 /* SF-Pro-Display-Bold.otf */ = {isa = PBXFileReference; lastKnownFileType = file; path = "SF-Pro-Display-Bold.otf"; sourceTree = "<group>"; };
		990CA505256AC591004A8105 /* SF-Pro-Text-Medium.otf */ = {isa = PBXFileReference; lastKnownFileType = file; path = "SF-Pro-Text-Medium.otf"; sourceTree = "<group>"; };
		990CA506256AC591004A8105 /* SF-Pro-Text-Bold.otf */ = {isa = PBXFileReference; lastKnownFileType = file; path = "SF-Pro-Text-Bold.otf"; sourceTree = "<group>"; };
		990CA507256AC591004A8105 /* SF-Pro-Text-Regular.otf */ = {isa = PBXFileReference; lastKnownFileType = file; path = "SF-Pro-Text-Regular.otf"; sourceTree = "<group>"; };
		990CA508256AC591004A8105 /* SF-Pro-Text-Semibold.otf */ = {isa = PBXFileReference; lastKnownFileType = file; path = "SF-Pro-Text-Semibold.otf"; sourceTree = "<group>"; };
		990CA509256AC591004A8105 /* SF-Pro-Rounded-Medium.otf */ = {isa = PBXFileReference; lastKnownFileType = file; path = "SF-Pro-Rounded-Medium.otf"; sourceTree = "<group>"; };
		990CA50A256AC591004A8105 /* SF-Pro-Display-Regular.otf */ = {isa = PBXFileReference; lastKnownFileType = file; path = "SF-Pro-Display-Regular.otf"; sourceTree = "<group>"; };
		990CA50B256AC592004A8105 /* SF-Pro-Display-Medium.otf */ = {isa = PBXFileReference; lastKnownFileType = file; path = "SF-Pro-Display-Medium.otf"; sourceTree = "<group>"; };
		990CA51D256ADB7B004A8105 /* Fonts.swift */ = {isa = PBXFileReference; lastKnownFileType = sourcecode.swift; path = Fonts.swift; sourceTree = "<group>"; };
		990CA520256AE4AB004A8105 /* TitleLabel.swift */ = {isa = PBXFileReference; lastKnownFileType = sourcecode.swift; path = TitleLabel.swift; sourceTree = "<group>"; };
		990CA523256AE656004A8105 /* DateOfBirsthVC.swift */ = {isa = PBXFileReference; lastKnownFileType = sourcecode.swift; path = DateOfBirsthVC.swift; sourceTree = "<group>"; };
		990CA526256AE6E9004A8105 /* BaseVC.swift */ = {isa = PBXFileReference; lastKnownFileType = sourcecode.swift; path = BaseVC.swift; sourceTree = "<group>"; };
		990CA52A256AE860004A8105 /* TimeOfBirsthVC.swift */ = {isa = PBXFileReference; lastKnownFileType = sourcecode.swift; path = TimeOfBirsthVC.swift; sourceTree = "<group>"; };
		990CA52D256AE8E7004A8105 /* CityOfBirsthVC.swift */ = {isa = PBXFileReference; lastKnownFileType = sourcecode.swift; path = CityOfBirsthVC.swift; sourceTree = "<group>"; };
		990CA530256AE913004A8105 /* GenderVC.swift */ = {isa = PBXFileReference; lastKnownFileType = sourcecode.swift; path = GenderVC.swift; sourceTree = "<group>"; };
		990CA533256AE943004A8105 /* NameVC.swift */ = {isa = PBXFileReference; lastKnownFileType = sourcecode.swift; path = NameVC.swift; sourceTree = "<group>"; };
		990CA536256AE971004A8105 /* RelationShipsVC.swift */ = {isa = PBXFileReference; lastKnownFileType = sourcecode.swift; path = RelationShipsVC.swift; sourceTree = "<group>"; };
		990CA539256AE9A7004A8105 /* HandVC.swift */ = {isa = PBXFileReference; lastKnownFileType = sourcecode.swift; path = HandVC.swift; sourceTree = "<group>"; };
		990CA53C256AEB41004A8105 /* DatePicker.swift */ = {isa = PBXFileReference; lastKnownFileType = sourcecode.swift; path = DatePicker.swift; sourceTree = "<group>"; };
		9923FF7F258019B1004F1F02 /* BigTextField.swift */ = {isa = PBXFileReference; lastKnownFileType = sourcecode.swift; path = BigTextField.swift; sourceTree = "<group>"; };
		9923FF9C25801EA8004F1F02 /* GenderButton.swift */ = {isa = PBXFileReference; lastKnownFileType = sourcecode.swift; path = GenderButton.swift; sourceTree = "<group>"; };
		9923FF9F25802640004F1F02 /* GenderLabel.swift */ = {isa = PBXFileReference; lastKnownFileType = sourcecode.swift; path = GenderLabel.swift; sourceTree = "<group>"; };
		9923FFA225802C26004F1F02 /* PayWallVC.swift */ = {isa = PBXFileReference; lastKnownFileType = sourcecode.swift; path = PayWallVC.swift; sourceTree = "<group>"; };
		9923FFA525802CAC004F1F02 /* FeaturesView.swift */ = {isa = PBXFileReference; lastKnownFileType = sourcecode.swift; path = FeaturesView.swift; sourceTree = "<group>"; };
		9979BF9125742636005E4ED3 /* MobileNetV2.mlmodel */ = {isa = PBXFileReference; lastKnownFileType = file.mlmodel; path = MobileNetV2.mlmodel; sourceTree = "<group>"; };
		9979BF9425742EAA005E4ED3 /* HandForAstroSkope.mlmodel */ = {isa = PBXFileReference; lastKnownFileType = file.mlmodel; path = HandForAstroSkope.mlmodel; sourceTree = "<group>"; };
		99CF4F98258014FE00F74D68 /* ClearButton.swift */ = {isa = PBXFileReference; lastKnownFileType = sourcecode.swift; path = ClearButton.swift; sourceTree = "<group>"; };
/* End PBXFileReference section */

/* Begin PBXFrameworksBuildPhase section */
		990CA4D9256AC236004A8105 /* Frameworks */ = {
			isa = PBXFrameworksBuildPhase;
			buildActionMask = 2147483647;
			files = (
			);
			runOnlyForDeploymentPostprocessing = 0;
		};
/* End PBXFrameworksBuildPhase section */

/* Begin PBXGroup section */
		990CA4D3256AC236004A8105 = {
			isa = PBXGroup;
			children = (
				990CA4DE256AC236004A8105 /* Gliese_581 */,
				990CA4DD256AC236004A8105 /* Products */,
			);
			sourceTree = "<group>";
		};
		990CA4DD256AC236004A8105 /* Products */ = {
			isa = PBXGroup;
			children = (
				990CA4DC256AC236004A8105 /* Gliese_581.app */,
			);
			name = Products;
			sourceTree = "<group>";
		};
		990CA4DE256AC236004A8105 /* Gliese_581 */ = {
			isa = PBXGroup;
			children = (
				990CA51B256ADB3D004A8105 /* UI_Elements */,
				990CA51A256ADB30004A8105 /* Constants */,
				990CA519256ADB20004A8105 /* OnBoarding */,
				990CA517256ADB07004A8105 /* Base */,
				990CA516256AC5F2004A8105 /* Supporting */,
				990CA4E8256AC238004A8105 /* Assets.xcassets */,
				990CA4EA256AC238004A8105 /* LaunchScreen.storyboard */,
				990CA4ED256AC238004A8105 /* Info.plist */,
				9979BF9425742EAA005E4ED3 /* HandForAstroSkope.mlmodel */,
				9979BF9125742636005E4ED3 /* MobileNetV2.mlmodel */,
			);
			path = Gliese_581;
			sourceTree = "<group>";
		};
		990CA502256AC569004A8105 /* Fonts */ = {
			isa = PBXGroup;
			children = (
				990CA504256AC591004A8105 /* SF-Pro-Display-Bold.otf */,
				990CA50B256AC592004A8105 /* SF-Pro-Display-Medium.otf */,
				990CA50A256AC591004A8105 /* SF-Pro-Display-Regular.otf */,
				990CA503256AC590004A8105 /* SF-Pro-Display-Semibold.otf */,
				990CA509256AC591004A8105 /* SF-Pro-Rounded-Medium.otf */,
				990CA506256AC591004A8105 /* SF-Pro-Text-Bold.otf */,
				990CA505256AC591004A8105 /* SF-Pro-Text-Medium.otf */,
				990CA507256AC591004A8105 /* SF-Pro-Text-Regular.otf */,
				990CA508256AC591004A8105 /* SF-Pro-Text-Semibold.otf */,
			);
			path = Fonts;
			sourceTree = "<group>";
		};
		990CA516256AC5F2004A8105 /* Supporting */ = {
			isa = PBXGroup;
			children = (
				990CA4DF256AC236004A8105 /* AppDelegate.swift */,
				990CA4E1256AC236004A8105 /* SceneDelegate.swift */,
				990CA502256AC569004A8105 /* Fonts */,
			);
			path = Supporting;
			sourceTree = "<group>";
		};
		990CA517256ADB07004A8105 /* Base */ = {
			isa = PBXGroup;
			children = (
				990CA4FF256AC42C004A8105 /* BaseNC.swift */,
				990CA526256AE6E9004A8105 /* BaseVC.swift */,
			);
			path = Base;
			sourceTree = "<group>";
		};
		990CA519256ADB20004A8105 /* OnBoarding */ = {
			isa = PBXGroup;
			children = (
				990CA4F6256AC2F3004A8105 /* FirstVC.swift */,
				990CA523256AE656004A8105 /* DateOfBirsthVC.swift */,
				990CA52A256AE860004A8105 /* TimeOfBirsthVC.swift */,
				990CA52D256AE8E7004A8105 /* CityOfBirsthVC.swift */,
				990CA530256AE913004A8105 /* GenderVC.swift */,
				990CA533256AE943004A8105 /* NameVC.swift */,
				990CA536256AE971004A8105 /* RelationShipsVC.swift */,
				990CA539256AE9A7004A8105 /* HandVC.swift */,
				9923FFA225802C26004F1F02 /* PayWallVC.swift */,
			);
			path = OnBoarding;
			sourceTree = "<group>";
		};
		990CA51A256ADB30004A8105 /* Constants */ = {
			isa = PBXGroup;
			children = (
				990CA4FC256AC323004A8105 /* Colors.swift */,
				990CA51D256ADB7B004A8105 /* Fonts.swift */,
			);
			path = Constants;
			sourceTree = "<group>";
		};
		990CA51B256ADB3D004A8105 /* UI_Elements */ = {
			isa = PBXGroup;
			children = (
				99CF4F9B2580150C00F74D68 /* Buttons */,
				990CA520256AE4AB004A8105 /* TitleLabel.swift */,
				990CA53C256AEB41004A8105 /* DatePicker.swift */,
				9923FF7F258019B1004F1F02 /* BigTextField.swift */,
				9923FF9F25802640004F1F02 /* GenderLabel.swift */,
				9923FFA525802CAC004F1F02 /* FeaturesView.swift */,
			);
			path = UI_Elements;
			sourceTree = "<group>";
		};
		99CF4F9B2580150C00F74D68 /* Buttons */ = {
			isa = PBXGroup;
			children = (
				990CA4F9256AC30F004A8105 /* NextButton.swift */,
				99CF4F98258014FE00F74D68 /* ClearButton.swift */,
				9923FF9C25801EA8004F1F02 /* GenderButton.swift */,
			);
			path = Buttons;
			sourceTree = "<group>";
		};
/* End PBXGroup section */

/* Begin PBXNativeTarget section */
		990CA4DB256AC236004A8105 /* Gliese_581 */ = {
			isa = PBXNativeTarget;
			buildConfigurationList = 990CA4F0256AC238004A8105 /* Build configuration list for PBXNativeTarget "Gliese_581" */;
			buildPhases = (
				990CA4D8256AC236004A8105 /* Sources */,
				990CA4D9256AC236004A8105 /* Frameworks */,
				990CA4DA256AC236004A8105 /* Resources */,
			);
			buildRules = (
			);
			dependencies = (
			);
			name = Gliese_581;
			productName = Gliese_581;
			productReference = 990CA4DC256AC236004A8105 /* Gliese_581.app */;
			productType = "com.apple.product-type.application";
		};
/* End PBXNativeTarget section */

/* Begin PBXProject section */
		990CA4D4256AC236004A8105 /* Project object */ = {
			isa = PBXProject;
			attributes = {
				LastSwiftUpdateCheck = 1210;
				LastUpgradeCheck = 1210;
				TargetAttributes = {
					990CA4DB256AC236004A8105 = {
						CreatedOnToolsVersion = 12.1;
					};
				};
			};
			buildConfigurationList = 990CA4D7256AC236004A8105 /* Build configuration list for PBXProject "Gliese_581" */;
			compatibilityVersion = "Xcode 9.3";
			developmentRegion = en;
			hasScannedForEncodings = 0;
			knownRegions = (
				en,
				Base,
			);
			mainGroup = 990CA4D3256AC236004A8105;
			productRefGroup = 990CA4DD256AC236004A8105 /* Products */;
			projectDirPath = "";
			projectRoot = "";
			targets = (
				990CA4DB256AC236004A8105 /* Gliese_581 */,
			);
		};
/* End PBXProject section */

/* Begin PBXResourcesBuildPhase section */
		990CA4DA256AC236004A8105 /* Resources */ = {
			isa = PBXResourcesBuildPhase;
			buildActionMask = 2147483647;
			files = (
				990CA512256AC592004A8105 /* SF-Pro-Rounded-Medium.otf in Resources */,
				990CA50C256AC592004A8105 /* SF-Pro-Display-Semibold.otf in Resources */,
				990CA4EC256AC238004A8105 /* LaunchScreen.storyboard in Resources */,
				990CA50F256AC592004A8105 /* SF-Pro-Text-Bold.otf in Resources */,
				990CA50D256AC592004A8105 /* SF-Pro-Display-Bold.otf in Resources */,
				990CA511256AC592004A8105 /* SF-Pro-Text-Semibold.otf in Resources */,
				990CA514256AC592004A8105 /* SF-Pro-Display-Medium.otf in Resources */,
				990CA50E256AC592004A8105 /* SF-Pro-Text-Medium.otf in Resources */,
				990CA4E9256AC238004A8105 /* Assets.xcassets in Resources */,
				990CA513256AC592004A8105 /* SF-Pro-Display-Regular.otf in Resources */,
				990CA510256AC592004A8105 /* SF-Pro-Text-Regular.otf in Resources */,
			);
			runOnlyForDeploymentPostprocessing = 0;
		};
/* End PBXResourcesBuildPhase section */

/* Begin PBXSourcesBuildPhase section */
		990CA4D8256AC236004A8105 /* Sources */ = {
			isa = PBXSourcesBuildPhase;
			buildActionMask = 2147483647;
			files = (
				9979BF9225742636005E4ED3 /* MobileNetV2.mlmodel in Sources */,
				990CA51E256ADB7B004A8105 /* Fonts.swift in Sources */,
				990CA53D256AEB41004A8105 /* DatePicker.swift in Sources */,
				990CA4FA256AC30F004A8105 /* NextButton.swift in Sources */,
				990CA4FD256AC323004A8105 /* Colors.swift in Sources */,
				990CA52B256AE860004A8105 /* TimeOfBirsthVC.swift in Sources */,
				9979BF9525742EAA005E4ED3 /* HandForAstroSkope.mlmodel in Sources */,
				99CF4F99258014FE00F74D68 /* ClearButton.swift in Sources */,
				990CA4F7256AC2F3004A8105 /* FirstVC.swift in Sources */,
				990CA534256AE943004A8105 /* NameVC.swift in Sources */,
				990CA4E0256AC236004A8105 /* AppDelegate.swift in Sources */,
				990CA52E256AE8E7004A8105 /* CityOfBirsthVC.swift in Sources */,
				9923FFA025802640004F1F02 /* GenderLabel.swift in Sources */,
				9923FFA625802CAC004F1F02 /* FeaturesView.swift in Sources */,
				990CA527256AE6E9004A8105 /* BaseVC.swift in Sources */,
				990CA537256AE971004A8105 /* RelationShipsVC.swift in Sources */,
				990CA524256AE656004A8105 /* DateOfBirsthVC.swift in Sources */,
				990CA53A256AE9A7004A8105 /* HandVC.swift in Sources */,
				9923FF9D25801EA8004F1F02 /* GenderButton.swift in Sources */,
				990CA521256AE4AB004A8105 /* TitleLabel.swift in Sources */,
				9923FF80258019B1004F1F02 /* BigTextField.swift in Sources */,
				990CA531256AE913004A8105 /* GenderVC.swift in Sources */,
				9923FFA325802C26004F1F02 /* PayWallVC.swift in Sources */,
				990CA500256AC42C004A8105 /* BaseNC.swift in Sources */,
				990CA4E2256AC236004A8105 /* SceneDelegate.swift in Sources */,
			);
			runOnlyForDeploymentPostprocessing = 0;
		};
/* End PBXSourcesBuildPhase section */

/* Begin PBXVariantGroup section */
		990CA4EA256AC238004A8105 /* LaunchScreen.storyboard */ = {
			isa = PBXVariantGroup;
			children = (
				990CA4EB256AC238004A8105 /* Base */,
			);
			name = LaunchScreen.storyboard;
			sourceTree = "<group>";
		};
/* End PBXVariantGroup section */

/* Begin XCBuildConfiguration section */
		990CA4EE256AC238004A8105 /* Debug */ = {
			isa = XCBuildConfiguration;
			buildSettings = {
				ALWAYS_SEARCH_USER_PATHS = NO;
				CLANG_ANALYZER_NONNULL = YES;
				CLANG_ANALYZER_NUMBER_OBJECT_CONVERSION = YES_AGGRESSIVE;
				CLANG_CXX_LANGUAGE_STANDARD = "gnu++14";
				CLANG_CXX_LIBRARY = "libc++";
				CLANG_ENABLE_MODULES = YES;
				CLANG_ENABLE_OBJC_ARC = YES;
				CLANG_ENABLE_OBJC_WEAK = YES;
				CLANG_WARN_BLOCK_CAPTURE_AUTORELEASING = YES;
				CLANG_WARN_BOOL_CONVERSION = YES;
				CLANG_WARN_COMMA = YES;
				CLANG_WARN_CONSTANT_CONVERSION = YES;
				CLANG_WARN_DEPRECATED_OBJC_IMPLEMENTATIONS = YES;
				CLANG_WARN_DIRECT_OBJC_ISA_USAGE = YES_ERROR;
				CLANG_WARN_DOCUMENTATION_COMMENTS = YES;
				CLANG_WARN_EMPTY_BODY = YES;
				CLANG_WARN_ENUM_CONVERSION = YES;
				CLANG_WARN_INFINITE_RECURSION = YES;
				CLANG_WARN_INT_CONVERSION = YES;
				CLANG_WARN_NON_LITERAL_NULL_CONVERSION = YES;
				CLANG_WARN_OBJC_IMPLICIT_RETAIN_SELF = YES;
				CLANG_WARN_OBJC_LITERAL_CONVERSION = YES;
				CLANG_WARN_OBJC_ROOT_CLASS = YES_ERROR;
				CLANG_WARN_QUOTED_INCLUDE_IN_FRAMEWORK_HEADER = YES;
				CLANG_WARN_RANGE_LOOP_ANALYSIS = YES;
				CLANG_WARN_STRICT_PROTOTYPES = YES;
				CLANG_WARN_SUSPICIOUS_MOVE = YES;
				CLANG_WARN_UNGUARDED_AVAILABILITY = YES_AGGRESSIVE;
				CLANG_WARN_UNREACHABLE_CODE = YES;
				CLANG_WARN__DUPLICATE_METHOD_MATCH = YES;
				COPY_PHASE_STRIP = NO;
				DEBUG_INFORMATION_FORMAT = dwarf;
				ENABLE_STRICT_OBJC_MSGSEND = YES;
				ENABLE_TESTABILITY = YES;
				GCC_C_LANGUAGE_STANDARD = gnu11;
				GCC_DYNAMIC_NO_PIC = NO;
				GCC_NO_COMMON_BLOCKS = YES;
				GCC_OPTIMIZATION_LEVEL = 0;
				GCC_PREPROCESSOR_DEFINITIONS = (
					"DEBUG=1",
					"$(inherited)",
				);
				GCC_WARN_64_TO_32_BIT_CONVERSION = YES;
				GCC_WARN_ABOUT_RETURN_TYPE = YES_ERROR;
				GCC_WARN_UNDECLARED_SELECTOR = YES;
				GCC_WARN_UNINITIALIZED_AUTOS = YES_AGGRESSIVE;
				GCC_WARN_UNUSED_FUNCTION = YES;
				GCC_WARN_UNUSED_VARIABLE = YES;
				IPHONEOS_DEPLOYMENT_TARGET = 14.1;
				MTL_ENABLE_DEBUG_INFO = INCLUDE_SOURCE;
				MTL_FAST_MATH = YES;
				ONLY_ACTIVE_ARCH = YES;
				SDKROOT = iphoneos;
				SWIFT_ACTIVE_COMPILATION_CONDITIONS = DEBUG;
				SWIFT_OPTIMIZATION_LEVEL = "-Onone";
			};
			name = Debug;
		};
		990CA4EF256AC238004A8105 /* Release */ = {
			isa = XCBuildConfiguration;
			buildSettings = {
				ALWAYS_SEARCH_USER_PATHS = NO;
				CLANG_ANALYZER_NONNULL = YES;
				CLANG_ANALYZER_NUMBER_OBJECT_CONVERSION = YES_AGGRESSIVE;
				CLANG_CXX_LANGUAGE_STANDARD = "gnu++14";
				CLANG_CXX_LIBRARY = "libc++";
				CLANG_ENABLE_MODULES = YES;
				CLANG_ENABLE_OBJC_ARC = YES;
				CLANG_ENABLE_OBJC_WEAK = YES;
				CLANG_WARN_BLOCK_CAPTURE_AUTORELEASING = YES;
				CLANG_WARN_BOOL_CONVERSION = YES;
				CLANG_WARN_COMMA = YES;
				CLANG_WARN_CONSTANT_CONVERSION = YES;
				CLANG_WARN_DEPRECATED_OBJC_IMPLEMENTATIONS = YES;
				CLANG_WARN_DIRECT_OBJC_ISA_USAGE = YES_ERROR;
				CLANG_WARN_DOCUMENTATION_COMMENTS = YES;
				CLANG_WARN_EMPTY_BODY = YES;
				CLANG_WARN_ENUM_CONVERSION = YES;
				CLANG_WARN_INFINITE_RECURSION = YES;
				CLANG_WARN_INT_CONVERSION = YES;
				CLANG_WARN_NON_LITERAL_NULL_CONVERSION = YES;
				CLANG_WARN_OBJC_IMPLICIT_RETAIN_SELF = YES;
				CLANG_WARN_OBJC_LITERAL_CONVERSION = YES;
				CLANG_WARN_OBJC_ROOT_CLASS = YES_ERROR;
				CLANG_WARN_QUOTED_INCLUDE_IN_FRAMEWORK_HEADER = YES;
				CLANG_WARN_RANGE_LOOP_ANALYSIS = YES;
				CLANG_WARN_STRICT_PROTOTYPES = YES;
				CLANG_WARN_SUSPICIOUS_MOVE = YES;
				CLANG_WARN_UNGUARDED_AVAILABILITY = YES_AGGRESSIVE;
				CLANG_WARN_UNREACHABLE_CODE = YES;
				CLANG_WARN__DUPLICATE_METHOD_MATCH = YES;
				COPY_PHASE_STRIP = NO;
				DEBUG_INFORMATION_FORMAT = "dwarf-with-dsym";
				ENABLE_NS_ASSERTIONS = NO;
				ENABLE_STRICT_OBJC_MSGSEND = YES;
				GCC_C_LANGUAGE_STANDARD = gnu11;
				GCC_NO_COMMON_BLOCKS = YES;
				GCC_WARN_64_TO_32_BIT_CONVERSION = YES;
				GCC_WARN_ABOUT_RETURN_TYPE = YES_ERROR;
				GCC_WARN_UNDECLARED_SELECTOR = YES;
				GCC_WARN_UNINITIALIZED_AUTOS = YES_AGGRESSIVE;
				GCC_WARN_UNUSED_FUNCTION = YES;
				GCC_WARN_UNUSED_VARIABLE = YES;
				IPHONEOS_DEPLOYMENT_TARGET = 14.1;
				MTL_ENABLE_DEBUG_INFO = NO;
				MTL_FAST_MATH = YES;
				SDKROOT = iphoneos;
				SWIFT_COMPILATION_MODE = wholemodule;
				SWIFT_OPTIMIZATION_LEVEL = "-O";
				VALIDATE_PRODUCT = YES;
			};
			name = Release;
		};
		990CA4F1256AC238004A8105 /* Debug */ = {
			isa = XCBuildConfiguration;
			buildSettings = {
				ASSETCATALOG_COMPILER_APPICON_NAME = AppIcon;
				ASSETCATALOG_COMPILER_GLOBAL_ACCENT_COLOR_NAME = AccentColor;
				CODE_SIGN_STYLE = Automatic;
				DEVELOPMENT_TEAM = JJC3HHT8LN;
				INFOPLIST_FILE = Gliese_581/Info.plist;
				LD_RUNPATH_SEARCH_PATHS = (
					"$(inherited)",
					"@executable_path/Frameworks",
				);
				MARKETING_VERSION = 1.00.01;
				PRODUCT_BUNDLE_IDENTIFIER = "ru.polykuzin.Gliese-581";
				PRODUCT_NAME = "$(TARGET_NAME)";
				SWIFT_VERSION = 5.0;
				TARGETED_DEVICE_FAMILY = 1;
			};
			name = Debug;
		};
		990CA4F2256AC238004A8105 /* Release */ = {
			isa = XCBuildConfiguration;
			buildSettings = {
				ASSETCATALOG_COMPILER_APPICON_NAME = AppIcon;
				ASSETCATALOG_COMPILER_GLOBAL_ACCENT_COLOR_NAME = AccentColor;
				CODE_SIGN_STYLE = Automatic;
				DEVELOPMENT_TEAM = JJC3HHT8LN;
				INFOPLIST_FILE = Gliese_581/Info.plist;
				LD_RUNPATH_SEARCH_PATHS = (
					"$(inherited)",
					"@executable_path/Frameworks",
				);
				MARKETING_VERSION = 1.00.01;
				PRODUCT_BUNDLE_IDENTIFIER = "ru.polykuzin.Gliese-581";
				PRODUCT_NAME = "$(TARGET_NAME)";
				SWIFT_VERSION = 5.0;
				TARGETED_DEVICE_FAMILY = 1;
			};
			name = Release;
		};
/* End XCBuildConfiguration section */

/* Begin XCConfigurationList section */
		990CA4D7256AC236004A8105 /* Build configuration list for PBXProject "Gliese_581" */ = {
			isa = XCConfigurationList;
			buildConfigurations = (
				990CA4EE256AC238004A8105 /* Debug */,
				990CA4EF256AC238004A8105 /* Release */,
			);
			defaultConfigurationIsVisible = 0;
			defaultConfigurationName = Release;
		};
		990CA4F0256AC238004A8105 /* Build configuration list for PBXNativeTarget "Gliese_581" */ = {
			isa = XCConfigurationList;
			buildConfigurations = (
				990CA4F1256AC238004A8105 /* Debug */,
				990CA4F2256AC238004A8105 /* Release */,
			);
			defaultConfigurationIsVisible = 0;
			defaultConfigurationName = Release;
		};
/* End XCConfigurationList section */
	};
	rootObject = 990CA4D4256AC236004A8105 /* Project object */;
}
