// !$*UTF8*$!
{
	archiveVersion = 1;
	classes = {
	};
	objectVersion = 51;
	objects = {

/* Begin PBXBuildFile section */
		22C01FE368FF320E571C7389 /* Pods_Gliese_581.framework in Frameworks */ = {isa = PBXBuildFile; fileRef = AC8B8043DF52DD0F747DCE7D /* Pods_Gliese_581.framework */; };
		9902B83A258A9909002041B2 /* Zodiac.swift in Sources */ = {isa = PBXBuildFile; fileRef = 9902B839258A9909002041B2 /* Zodiac.swift */; };
		9902B83F258A9BA3002041B2 /* BaseTableViewCell.swift in Sources */ = {isa = PBXBuildFile; fileRef = 9902B83E258A9BA3002041B2 /* BaseTableViewCell.swift */; };
		9902B844258AA272002041B2 /* MainCollectionViewCell.swift in Sources */ = {isa = PBXBuildFile; fileRef = 9902B842258AA272002041B2 /* MainCollectionViewCell.swift */; };
		9902B845258AA272002041B2 /* MainCollectionViewCell.xib in Resources */ = {isa = PBXBuildFile; fileRef = 9902B843258AA272002041B2 /* MainCollectionViewCell.xib */; };
		9902B849258AB5F0002041B2 /* RoundCorners.swift in Sources */ = {isa = PBXBuildFile; fileRef = 9902B848258AB5F0002041B2 /* RoundCorners.swift */; };
		9902B84D258AB6AE002041B2 /* GradientBackground.swift in Sources */ = {isa = PBXBuildFile; fileRef = 9902B84C258AB6AE002041B2 /* GradientBackground.swift */; };
		990CA4E0256AC236004A8105 /* AppDelegate.swift in Sources */ = {isa = PBXBuildFile; fileRef = 990CA4DF256AC236004A8105 /* AppDelegate.swift */; };
		990CA4E2256AC236004A8105 /* SceneDelegate.swift in Sources */ = {isa = PBXBuildFile; fileRef = 990CA4E1256AC236004A8105 /* SceneDelegate.swift */; };
		990CA4E9256AC238004A8105 /* Assets.xcassets in Resources */ = {isa = PBXBuildFile; fileRef = 990CA4E8256AC238004A8105 /* Assets.xcassets */; };
		990CA4EC256AC238004A8105 /* LaunchScreen.storyboard in Resources */ = {isa = PBXBuildFile; fileRef = 990CA4EA256AC238004A8105 /* LaunchScreen.storyboard */; };
		990CA4F7256AC2F3004A8105 /* FirstVC.swift in Sources */ = {isa = PBXBuildFile; fileRef = 990CA4F6256AC2F3004A8105 /* FirstVC.swift */; };
		990CA4FA256AC30F004A8105 /* NextButton.swift in Sources */ = {isa = PBXBuildFile; fileRef = 990CA4F9256AC30F004A8105 /* NextButton.swift */; };
		990CA4FD256AC323004A8105 /* Colors.swift in Sources */ = {isa = PBXBuildFile; fileRef = 990CA4FC256AC323004A8105 /* Colors.swift */; };
		990CA500256AC42C004A8105 /* BaseNC.swift in Sources */ = {isa = PBXBuildFile; fileRef = 990CA4FF256AC42C004A8105 /* BaseNC.swift */; };
		990CA50C256AC592004A8105 /* SF-Pro-Display-Semibold.otf in Resources */ = {isa = PBXBuildFile; fileRef = 990CA503256AC590004A8105 /* SF-Pro-Display-Semibold.otf */; };
		990CA50D256AC592004A8105 /* SF-Pro-Display-Bold.otf in Resources */ = {isa = PBXBuildFile; fileRef = 990CA504256AC591004A8105 /* SF-Pro-Display-Bold.otf */; };
		990CA50E256AC592004A8105 /* SF-Pro-Text-Medium.otf in Resources */ = {isa = PBXBuildFile; fileRef = 990CA505256AC591004A8105 /* SF-Pro-Text-Medium.otf */; };
		990CA50F256AC592004A8105 /* SF-Pro-Text-Bold.otf in Resources */ = {isa = PBXBuildFile; fileRef = 990CA506256AC591004A8105 /* SF-Pro-Text-Bold.otf */; };
		990CA510256AC592004A8105 /* SF-Pro-Text-Regular.otf in Resources */ = {isa = PBXBuildFile; fileRef = 990CA507256AC591004A8105 /* SF-Pro-Text-Regular.otf */; };
		990CA511256AC592004A8105 /* SF-Pro-Text-Semibold.otf in Resources */ = {isa = PBXBuildFile; fileRef = 990CA508256AC591004A8105 /* SF-Pro-Text-Semibold.otf */; };
		990CA512256AC592004A8105 /* SF-Pro-Rounded-Medium.otf in Resources */ = {isa = PBXBuildFile; fileRef = 990CA509256AC591004A8105 /* SF-Pro-Rounded-Medium.otf */; };
		990CA513256AC592004A8105 /* SF-Pro-Display-Regular.otf in Resources */ = {isa = PBXBuildFile; fileRef = 990CA50A256AC591004A8105 /* SF-Pro-Display-Regular.otf */; };
		990CA514256AC592004A8105 /* SF-Pro-Display-Medium.otf in Resources */ = {isa = PBXBuildFile; fileRef = 990CA50B256AC592004A8105 /* SF-Pro-Display-Medium.otf */; };
		990CA51E256ADB7B004A8105 /* Fonts.swift in Sources */ = {isa = PBXBuildFile; fileRef = 990CA51D256ADB7B004A8105 /* Fonts.swift */; };
		990CA521256AE4AB004A8105 /* TitleLabel.swift in Sources */ = {isa = PBXBuildFile; fileRef = 990CA520256AE4AB004A8105 /* TitleLabel.swift */; };
		990CA524256AE656004A8105 /* DateOfBirsthVC.swift in Sources */ = {isa = PBXBuildFile; fileRef = 990CA523256AE656004A8105 /* DateOfBirsthVC.swift */; };
		990CA527256AE6E9004A8105 /* BaseVC.swift in Sources */ = {isa = PBXBuildFile; fileRef = 990CA526256AE6E9004A8105 /* BaseVC.swift */; };
		990CA52B256AE860004A8105 /* TimeOfBirsthVC.swift in Sources */ = {isa = PBXBuildFile; fileRef = 990CA52A256AE860004A8105 /* TimeOfBirsthVC.swift */; };
		990CA52E256AE8E7004A8105 /* CityOfBirsthVC.swift in Sources */ = {isa = PBXBuildFile; fileRef = 990CA52D256AE8E7004A8105 /* CityOfBirsthVC.swift */; };
		990CA531256AE913004A8105 /* GenderVC.swift in Sources */ = {isa = PBXBuildFile; fileRef = 990CA530256AE913004A8105 /* GenderVC.swift */; };
		990CA534256AE943004A8105 /* NameVC.swift in Sources */ = {isa = PBXBuildFile; fileRef = 990CA533256AE943004A8105 /* NameVC.swift */; };
		990CA537256AE971004A8105 /* RelationShipsVC.swift in Sources */ = {isa = PBXBuildFile; fileRef = 990CA536256AE971004A8105 /* RelationShipsVC.swift */; };
		990CA53A256AE9A7004A8105 /* HandVC.swift in Sources */ = {isa = PBXBuildFile; fileRef = 990CA539256AE9A7004A8105 /* HandVC.swift */; };
		990CA53D256AEB41004A8105 /* DatePicker.swift in Sources */ = {isa = PBXBuildFile; fileRef = 990CA53C256AEB41004A8105 /* DatePicker.swift */; };
		990F142C2596675F00AA7603 /* CenteredButton.swift in Sources */ = {isa = PBXBuildFile; fileRef = 990F142B2596675F00AA7603 /* CenteredButton.swift */; };
		990F142F259669D100AA7603 /* CenteredButton.xib in Resources */ = {isa = PBXBuildFile; fileRef = 990F142E259669D100AA7603 /* CenteredButton.xib */; };
		990F14332596757F00AA7603 /* NibWrapper.swift in Sources */ = {isa = PBXBuildFile; fileRef = 990F14322596757F00AA7603 /* NibWrapper.swift */; };
		9923FF80258019B1004F1F02 /* BigTextField.swift in Sources */ = {isa = PBXBuildFile; fileRef = 9923FF7F258019B1004F1F02 /* BigTextField.swift */; };
		9923FF9D25801EA8004F1F02 /* GenderButton.swift in Sources */ = {isa = PBXBuildFile; fileRef = 9923FF9C25801EA8004F1F02 /* GenderButton.swift */; };
		9923FFA025802640004F1F02 /* GenderLabel.swift in Sources */ = {isa = PBXBuildFile; fileRef = 9923FF9F25802640004F1F02 /* GenderLabel.swift */; };
		9923FFA325802C26004F1F02 /* PayWallVC.swift in Sources */ = {isa = PBXBuildFile; fileRef = 9923FFA225802C26004F1F02 /* PayWallVC.swift */; };
		9923FFA625802CAC004F1F02 /* FeaturesView.swift in Sources */ = {isa = PBXBuildFile; fileRef = 9923FFA525802CAC004F1F02 /* FeaturesView.swift */; };
		993249922595054300865617 /* SegmentControl.swift in Sources */ = {isa = PBXBuildFile; fileRef = 993249912595054300865617 /* SegmentControl.swift */; };
		993249962595055C00865617 /* SegmentItem.swift in Sources */ = {isa = PBXBuildFile; fileRef = 993249952595055C00865617 /* SegmentItem.swift */; };
		99324999259505B600865617 /* Pin.swift in Sources */ = {isa = PBXBuildFile; fileRef = 99324998259505B600865617 /* Pin.swift */; };
		9932499D2595062600865617 /* UIImageView.swift in Sources */ = {isa = PBXBuildFile; fileRef = 9932499C2595062600865617 /* UIImageView.swift */; };
		993249A0259506D500865617 /* SafeIndex.swift in Sources */ = {isa = PBXBuildFile; fileRef = 9932499F259506D500865617 /* SafeIndex.swift */; };
		993C877E2592266D004A4305 /* FloatinLayout.swift in Sources */ = {isa = PBXBuildFile; fileRef = 993C877D2592266D004A4305 /* FloatinLayout.swift */; };
		993C878425922723004A4305 /* Appearence.swift in Sources */ = {isa = PBXBuildFile; fileRef = 993C878325922723004A4305 /* Appearence.swift */; };
		993C878C2592284F004A4305 /* MenuController.swift in Sources */ = {isa = PBXBuildFile; fileRef = 993C878A2592284F004A4305 /* MenuController.swift */; };
		993C878D2592284F004A4305 /* MenuController.xib in Resources */ = {isa = PBXBuildFile; fileRef = 993C878B2592284F004A4305 /* MenuController.xib */; };
		993C879125925639004A4305 /* CalendarCell.swift in Sources */ = {isa = PBXBuildFile; fileRef = 993C878F25925638004A4305 /* CalendarCell.swift */; };
		993C879225925639004A4305 /* CalendarCell.xib in Resources */ = {isa = PBXBuildFile; fileRef = 993C879025925638004A4305 /* CalendarCell.xib */; };
		993C879A25926076004A4305 /* HEX.swift in Sources */ = {isa = PBXBuildFile; fileRef = 993C879925926076004A4305 /* HEX.swift */; };
		994D1FD025977324002F8987 /* CalendarVC.swift in Sources */ = {isa = PBXBuildFile; fileRef = 994D1FCE25977324002F8987 /* CalendarVC.swift */; };
		994D1FD125977324002F8987 /* CalendarVC.xib in Resources */ = {isa = PBXBuildFile; fileRef = 994D1FCF25977324002F8987 /* CalendarVC.xib */; };
		994D1FD425977E1C002F8987 /* SectionHeader.swift in Sources */ = {isa = PBXBuildFile; fileRef = 994D1FD325977E1C002F8987 /* SectionHeader.swift */; };
		9974DF2E25A204060036C971 /* GoogleService-Info.plist in Resources */ = {isa = PBXBuildFile; fileRef = 9974DF2D25A204060036C971 /* GoogleService-Info.plist */; };
		9974DF3125A204830036C971 /* AnalyticsService.swift in Sources */ = {isa = PBXBuildFile; fileRef = 9974DF3025A204830036C971 /* AnalyticsService.swift */; };
		997EDB1825895B19009E4122 /* HomeVC.swift in Sources */ = {isa = PBXBuildFile; fileRef = 997EDB1625895B19009E4122 /* HomeVC.swift */; };
		997EDB1925895B19009E4122 /* HomeVC.xib in Resources */ = {isa = PBXBuildFile; fileRef = 997EDB1725895B19009E4122 /* HomeVC.xib */; };
		997EDB1F25895D0F009E4122 /* InstanceHoroscopeCell.swift in Sources */ = {isa = PBXBuildFile; fileRef = 997EDB1D25895D0F009E4122 /* InstanceHoroscopeCell.swift */; };
		997EDB2025895D0F009E4122 /* InstanceHoroscopeCell.xib in Resources */ = {isa = PBXBuildFile; fileRef = 997EDB1E25895D0F009E4122 /* InstanceHoroscopeCell.xib */; };
		997EDB2625895F5B009E4122 /* FocusCell.swift in Sources */ = {isa = PBXBuildFile; fileRef = 997EDB2425895F5B009E4122 /* FocusCell.swift */; };
		997EDB2725895F5B009E4122 /* FocusCell.xib in Resources */ = {isa = PBXBuildFile; fileRef = 997EDB2525895F5B009E4122 /* FocusCell.xib */; };
		997EDB2B25896168009E4122 /* CircleView.swift in Sources */ = {isa = PBXBuildFile; fileRef = 997EDB2A25896168009E4122 /* CircleView.swift */; };
		9989337725A3A40C00CDBC39 /* Localize.swift in Sources */ = {isa = PBXBuildFile; fileRef = 9989337625A3A40C00CDBC39 /* Localize.swift */; };
		9989337B25A3AC8200CDBC39 /* TinyYOLO.mlmodel in Sources */ = {isa = PBXBuildFile; fileRef = 9989337A25A3AC8200CDBC39 /* TinyYOLO.mlmodel */; };
		9989337E25A3AE2900CDBC39 /* MobileNet.mlmodel in Sources */ = {isa = PBXBuildFile; fileRef = 9989337D25A3AE2900CDBC39 /* MobileNet.mlmodel */; };
		9997EAAB259B2798000BBAE3 /* Date.swift in Sources */ = {isa = PBXBuildFile; fileRef = 9997EAAA259B2798000BBAE3 /* Date.swift */; };
		99CF4F99258014FE00F74D68 /* ClearButton.swift in Sources */ = {isa = PBXBuildFile; fileRef = 99CF4F98258014FE00F74D68 /* ClearButton.swift */; };
		99DF7D0025A0743A00EA9913 /* MounthCell.swift in Sources */ = {isa = PBXBuildFile; fileRef = 99DF7CFE25A0743A00EA9913 /* MounthCell.swift */; };
		99DF7D0125A0743A00EA9913 /* MounthCell.xib in Resources */ = {isa = PBXBuildFile; fileRef = 99DF7CFF25A0743A00EA9913 /* MounthCell.xib */; };
		99DF7D0525A07DA900EA9913 /* NumberCell.swift in Sources */ = {isa = PBXBuildFile; fileRef = 99DF7D0325A07DA900EA9913 /* NumberCell.swift */; };
		99DF7D0625A07DA900EA9913 /* NumberCell.xib in Resources */ = {isa = PBXBuildFile; fileRef = 99DF7D0425A07DA900EA9913 /* NumberCell.xib */; };
/* End PBXBuildFile section */

/* Begin PBXFileReference section */
		31DBB4191EC3FECE395D622B /* Pods-Gliese_581.debug.xcconfig */ = {isa = PBXFileReference; includeInIndex = 1; lastKnownFileType = text.xcconfig; name = "Pods-Gliese_581.debug.xcconfig"; path = "Target Support Files/Pods-Gliese_581/Pods-Gliese_581.debug.xcconfig"; sourceTree = "<group>"; };
		74FD4D4481571704090C8EF3 /* Pods-Gliese_581.release.xcconfig */ = {isa = PBXFileReference; includeInIndex = 1; lastKnownFileType = text.xcconfig; name = "Pods-Gliese_581.release.xcconfig"; path = "Target Support Files/Pods-Gliese_581/Pods-Gliese_581.release.xcconfig"; sourceTree = "<group>"; };
		9902B839258A9909002041B2 /* Zodiac.swift */ = {isa = PBXFileReference; lastKnownFileType = sourcecode.swift; path = Zodiac.swift; sourceTree = "<group>"; };
		9902B83E258A9BA3002041B2 /* BaseTableViewCell.swift */ = {isa = PBXFileReference; lastKnownFileType = sourcecode.swift; path = BaseTableViewCell.swift; sourceTree = "<group>"; };
		9902B842258AA272002041B2 /* MainCollectionViewCell.swift */ = {isa = PBXFileReference; lastKnownFileType = sourcecode.swift; path = MainCollectionViewCell.swift; sourceTree = "<group>"; };
		9902B843258AA272002041B2 /* MainCollectionViewCell.xib */ = {isa = PBXFileReference; lastKnownFileType = file.xib; path = MainCollectionViewCell.xib; sourceTree = "<group>"; };
		9902B848258AB5F0002041B2 /* RoundCorners.swift */ = {isa = PBXFileReference; lastKnownFileType = sourcecode.swift; path = RoundCorners.swift; sourceTree = "<group>"; };
		9902B84C258AB6AE002041B2 /* GradientBackground.swift */ = {isa = PBXFileReference; lastKnownFileType = sourcecode.swift; path = GradientBackground.swift; sourceTree = "<group>"; };
		990CA4DC256AC236004A8105 /* Gliese_581.app */ = {isa = PBXFileReference; explicitFileType = wrapper.application; includeInIndex = 0; path = Gliese_581.app; sourceTree = BUILT_PRODUCTS_DIR; };
		990CA4DF256AC236004A8105 /* AppDelegate.swift */ = {isa = PBXFileReference; lastKnownFileType = sourcecode.swift; path = AppDelegate.swift; sourceTree = "<group>"; };
		990CA4E1256AC236004A8105 /* SceneDelegate.swift */ = {isa = PBXFileReference; lastKnownFileType = sourcecode.swift; path = SceneDelegate.swift; sourceTree = "<group>"; };
		990CA4E8256AC238004A8105 /* Assets.xcassets */ = {isa = PBXFileReference; lastKnownFileType = folder.assetcatalog; path = Assets.xcassets; sourceTree = "<group>"; };
		990CA4EB256AC238004A8105 /* Base */ = {isa = PBXFileReference; lastKnownFileType = file.storyboard; name = Base; path = Base.lproj/LaunchScreen.storyboard; sourceTree = "<group>"; };
		990CA4ED256AC238004A8105 /* Info.plist */ = {isa = PBXFileReference; lastKnownFileType = text.plist.xml; path = Info.plist; sourceTree = "<group>"; };
		990CA4F6256AC2F3004A8105 /* FirstVC.swift */ = {isa = PBXFileReference; lastKnownFileType = sourcecode.swift; path = FirstVC.swift; sourceTree = "<group>"; };
		990CA4F9256AC30F004A8105 /* NextButton.swift */ = {isa = PBXFileReference; lastKnownFileType = sourcecode.swift; path = NextButton.swift; sourceTree = "<group>"; };
		990CA4FC256AC323004A8105 /* Colors.swift */ = {isa = PBXFileReference; lastKnownFileType = sourcecode.swift; path = Colors.swift; sourceTree = "<group>"; };
		990CA4FF256AC42C004A8105 /* BaseNC.swift */ = {isa = PBXFileReference; lastKnownFileType = sourcecode.swift; path = BaseNC.swift; sourceTree = "<group>"; };
		990CA503256AC590004A8105 /* SF-Pro-Display-Semibold.otf */ = {isa = PBXFileReference; lastKnownFileType = file; path = "SF-Pro-Display-Semibold.otf"; sourceTree = "<group>"; };
		990CA504256AC591004A8105 /* SF-Pro-Display-Bold.otf */ = {isa = PBXFileReference; lastKnownFileType = file; path = "SF-Pro-Display-Bold.otf"; sourceTree = "<group>"; };
		990CA505256AC591004A8105 /* SF-Pro-Text-Medium.otf */ = {isa = PBXFileReference; lastKnownFileType = file; path = "SF-Pro-Text-Medium.otf"; sourceTree = "<group>"; };
		990CA506256AC591004A8105 /* SF-Pro-Text-Bold.otf */ = {isa = PBXFileReference; lastKnownFileType = file; path = "SF-Pro-Text-Bold.otf"; sourceTree = "<group>"; };
		990CA507256AC591004A8105 /* SF-Pro-Text-Regular.otf */ = {isa = PBXFileReference; lastKnownFileType = file; path = "SF-Pro-Text-Regular.otf"; sourceTree = "<group>"; };
		990CA508256AC591004A8105 /* SF-Pro-Text-Semibold.otf */ = {isa = PBXFileReference; lastKnownFileType = file; path = "SF-Pro-Text-Semibold.otf"; sourceTree = "<group>"; };
		990CA509256AC591004A8105 /* SF-Pro-Rounded-Medium.otf */ = {isa = PBXFileReference; lastKnownFileType = file; path = "SF-Pro-Rounded-Medium.otf"; sourceTree = "<group>"; };
		990CA50A256AC591004A8105 /* SF-Pro-Display-Regular.otf */ = {isa = PBXFileReference; lastKnownFileType = file; path = "SF-Pro-Display-Regular.otf"; sourceTree = "<group>"; };
		990CA50B256AC592004A8105 /* SF-Pro-Display-Medium.otf */ = {isa = PBXFileReference; lastKnownFileType = file; path = "SF-Pro-Display-Medium.otf"; sourceTree = "<group>"; };
		990CA51D256ADB7B004A8105 /* Fonts.swift */ = {isa = PBXFileReference; lastKnownFileType = sourcecode.swift; path = Fonts.swift; sourceTree = "<group>"; };
		990CA520256AE4AB004A8105 /* TitleLabel.swift */ = {isa = PBXFileReference; lastKnownFileType = sourcecode.swift; path = TitleLabel.swift; sourceTree = "<group>"; };
		990CA523256AE656004A8105 /* DateOfBirsthVC.swift */ = {isa = PBXFileReference; lastKnownFileType = sourcecode.swift; path = DateOfBirsthVC.swift; sourceTree = "<group>"; };
		990CA526256AE6E9004A8105 /* BaseVC.swift */ = {isa = PBXFileReference; lastKnownFileType = sourcecode.swift; path = BaseVC.swift; sourceTree = "<group>"; };
		990CA52A256AE860004A8105 /* TimeOfBirsthVC.swift */ = {isa = PBXFileReference; lastKnownFileType = sourcecode.swift; path = TimeOfBirsthVC.swift; sourceTree = "<group>"; };
		990CA52D256AE8E7004A8105 /* CityOfBirsthVC.swift */ = {isa = PBXFileReference; lastKnownFileType = sourcecode.swift; path = CityOfBirsthVC.swift; sourceTree = "<group>"; };
		990CA530256AE913004A8105 /* GenderVC.swift */ = {isa = PBXFileReference; lastKnownFileType = sourcecode.swift; path = GenderVC.swift; sourceTree = "<group>"; };
		990CA533256AE943004A8105 /* NameVC.swift */ = {isa = PBXFileReference; lastKnownFileType = sourcecode.swift; path = NameVC.swift; sourceTree = "<group>"; };
		990CA536256AE971004A8105 /* RelationShipsVC.swift */ = {isa = PBXFileReference; lastKnownFileType = sourcecode.swift; path = RelationShipsVC.swift; sourceTree = "<group>"; };
		990CA539256AE9A7004A8105 /* HandVC.swift */ = {isa = PBXFileReference; lastKnownFileType = sourcecode.swift; path = HandVC.swift; sourceTree = "<group>"; };
		990CA53C256AEB41004A8105 /* DatePicker.swift */ = {isa = PBXFileReference; lastKnownFileType = sourcecode.swift; path = DatePicker.swift; sourceTree = "<group>"; };
		990F142B2596675F00AA7603 /* CenteredButton.swift */ = {isa = PBXFileReference; lastKnownFileType = sourcecode.swift; path = CenteredButton.swift; sourceTree = "<group>"; };
		990F142E259669D100AA7603 /* CenteredButton.xib */ = {isa = PBXFileReference; lastKnownFileType = file.xib; path = CenteredButton.xib; sourceTree = "<group>"; };
		990F14322596757F00AA7603 /* NibWrapper.swift */ = {isa = PBXFileReference; lastKnownFileType = sourcecode.swift; path = NibWrapper.swift; sourceTree = "<group>"; };
		9923FF7F258019B1004F1F02 /* BigTextField.swift */ = {isa = PBXFileReference; lastKnownFileType = sourcecode.swift; path = BigTextField.swift; sourceTree = "<group>"; };
		9923FF9C25801EA8004F1F02 /* GenderButton.swift */ = {isa = PBXFileReference; lastKnownFileType = sourcecode.swift; path = GenderButton.swift; sourceTree = "<group>"; };
		9923FF9F25802640004F1F02 /* GenderLabel.swift */ = {isa = PBXFileReference; lastKnownFileType = sourcecode.swift; path = GenderLabel.swift; sourceTree = "<group>"; };
		9923FFA225802C26004F1F02 /* PayWallVC.swift */ = {isa = PBXFileReference; lastKnownFileType = sourcecode.swift; path = PayWallVC.swift; sourceTree = "<group>"; };
		9923FFA525802CAC004F1F02 /* FeaturesView.swift */ = {isa = PBXFileReference; lastKnownFileType = sourcecode.swift; path = FeaturesView.swift; sourceTree = "<group>"; };
		993249912595054300865617 /* SegmentControl.swift */ = {isa = PBXFileReference; lastKnownFileType = sourcecode.swift; path = SegmentControl.swift; sourceTree = "<group>"; };
		993249952595055C00865617 /* SegmentItem.swift */ = {isa = PBXFileReference; lastKnownFileType = sourcecode.swift; path = SegmentItem.swift; sourceTree = "<group>"; };
		99324998259505B600865617 /* Pin.swift */ = {isa = PBXFileReference; lastKnownFileType = sourcecode.swift; path = Pin.swift; sourceTree = "<group>"; };
		9932499C2595062600865617 /* UIImageView.swift */ = {isa = PBXFileReference; lastKnownFileType = sourcecode.swift; path = UIImageView.swift; sourceTree = "<group>"; };
		9932499F259506D500865617 /* SafeIndex.swift */ = {isa = PBXFileReference; lastKnownFileType = sourcecode.swift; path = SafeIndex.swift; sourceTree = "<group>"; };
		993C877D2592266D004A4305 /* FloatinLayout.swift */ = {isa = PBXFileReference; lastKnownFileType = sourcecode.swift; path = FloatinLayout.swift; sourceTree = "<group>"; };
		993C878325922723004A4305 /* Appearence.swift */ = {isa = PBXFileReference; lastKnownFileType = sourcecode.swift; path = Appearence.swift; sourceTree = "<group>"; };
		993C878A2592284F004A4305 /* MenuController.swift */ = {isa = PBXFileReference; lastKnownFileType = sourcecode.swift; path = MenuController.swift; sourceTree = "<group>"; };
		993C878B2592284F004A4305 /* MenuController.xib */ = {isa = PBXFileReference; lastKnownFileType = file.xib; path = MenuController.xib; sourceTree = "<group>"; };
		993C878F25925638004A4305 /* CalendarCell.swift */ = {isa = PBXFileReference; lastKnownFileType = sourcecode.swift; path = CalendarCell.swift; sourceTree = "<group>"; };
		993C879025925638004A4305 /* CalendarCell.xib */ = {isa = PBXFileReference; lastKnownFileType = file.xib; path = CalendarCell.xib; sourceTree = "<group>"; };
		993C879925926076004A4305 /* HEX.swift */ = {isa = PBXFileReference; lastKnownFileType = sourcecode.swift; path = HEX.swift; sourceTree = "<group>"; };
		994D1FCE25977324002F8987 /* CalendarVC.swift */ = {isa = PBXFileReference; lastKnownFileType = sourcecode.swift; path = CalendarVC.swift; sourceTree = "<group>"; };
		994D1FCF25977324002F8987 /* CalendarVC.xib */ = {isa = PBXFileReference; lastKnownFileType = file.xib; path = CalendarVC.xib; sourceTree = "<group>"; };
		994D1FD325977E1C002F8987 /* SectionHeader.swift */ = {isa = PBXFileReference; lastKnownFileType = sourcecode.swift; path = SectionHeader.swift; sourceTree = "<group>"; };
		9974DF2D25A204060036C971 /* GoogleService-Info.plist */ = {isa = PBXFileReference; fileEncoding = 4; lastKnownFileType = text.plist.xml; path = "GoogleService-Info.plist"; sourceTree = "<group>"; };
		9974DF3025A204830036C971 /* AnalyticsService.swift */ = {isa = PBXFileReference; lastKnownFileType = sourcecode.swift; path = AnalyticsService.swift; sourceTree = "<group>"; };
		997EDB1625895B19009E4122 /* HomeVC.swift */ = {isa = PBXFileReference; lastKnownFileType = sourcecode.swift; path = HomeVC.swift; sourceTree = "<group>"; };
		997EDB1725895B19009E4122 /* HomeVC.xib */ = {isa = PBXFileReference; lastKnownFileType = file.xib; path = HomeVC.xib; sourceTree = "<group>"; };
		997EDB1D25895D0F009E4122 /* InstanceHoroscopeCell.swift */ = {isa = PBXFileReference; lastKnownFileType = sourcecode.swift; path = InstanceHoroscopeCell.swift; sourceTree = "<group>"; };
		997EDB1E25895D0F009E4122 /* InstanceHoroscopeCell.xib */ = {isa = PBXFileReference; lastKnownFileType = file.xib; path = InstanceHoroscopeCell.xib; sourceTree = "<group>"; };
		997EDB2425895F5B009E4122 /* FocusCell.swift */ = {isa = PBXFileReference; lastKnownFileType = sourcecode.swift; path = FocusCell.swift; sourceTree = "<group>"; };
		997EDB2525895F5B009E4122 /* FocusCell.xib */ = {isa = PBXFileReference; lastKnownFileType = file.xib; path = FocusCell.xib; sourceTree = "<group>"; };
		997EDB2A25896168009E4122 /* CircleView.swift */ = {isa = PBXFileReference; lastKnownFileType = sourcecode.swift; path = CircleView.swift; sourceTree = "<group>"; };
		9989337625A3A40C00CDBC39 /* Localize.swift */ = {isa = PBXFileReference; lastKnownFileType = sourcecode.swift; path = Localize.swift; sourceTree = "<group>"; };
		9989337A25A3AC8200CDBC39 /* TinyYOLO.mlmodel */ = {isa = PBXFileReference; lastKnownFileType = file.mlmodel; path = TinyYOLO.mlmodel; sourceTree = "<group>"; };
		9989337D25A3AE2900CDBC39 /* MobileNet.mlmodel */ = {isa = PBXFileReference; lastKnownFileType = file.mlmodel; path = MobileNet.mlmodel; sourceTree = "<group>"; };
		9997EAAA259B2798000BBAE3 /* Date.swift */ = {isa = PBXFileReference; lastKnownFileType = sourcecode.swift; path = Date.swift; sourceTree = "<group>"; };
		99CF4F98258014FE00F74D68 /* ClearButton.swift */ = {isa = PBXFileReference; lastKnownFileType = sourcecode.swift; path = ClearButton.swift; sourceTree = "<group>"; };
		99DF7CFE25A0743A00EA9913 /* MounthCell.swift */ = {isa = PBXFileReference; lastKnownFileType = sourcecode.swift; path = MounthCell.swift; sourceTree = "<group>"; };
		99DF7CFF25A0743A00EA9913 /* MounthCell.xib */ = {isa = PBXFileReference; lastKnownFileType = file.xib; path = MounthCell.xib; sourceTree = "<group>"; };
		99DF7D0325A07DA900EA9913 /* NumberCell.swift */ = {isa = PBXFileReference; lastKnownFileType = sourcecode.swift; path = NumberCell.swift; sourceTree = "<group>"; };
		99DF7D0425A07DA900EA9913 /* NumberCell.xib */ = {isa = PBXFileReference; lastKnownFileType = file.xib; path = NumberCell.xib; sourceTree = "<group>"; };
		AC8B8043DF52DD0F747DCE7D /* Pods_Gliese_581.framework */ = {isa = PBXFileReference; explicitFileType = wrapper.framework; includeInIndex = 0; path = Pods_Gliese_581.framework; sourceTree = BUILT_PRODUCTS_DIR; };
/* End PBXFileReference section */

/* Begin PBXFrameworksBuildPhase section */
		990CA4D9256AC236004A8105 /* Frameworks */ = {
			isa = PBXFrameworksBuildPhase;
			buildActionMask = 2147483647;
			files = (
				22C01FE368FF320E571C7389 /* Pods_Gliese_581.framework in Frameworks */,
			);
			runOnlyForDeploymentPostprocessing = 0;
		};
/* End PBXFrameworksBuildPhase section */

/* Begin PBXGroup section */
		9902B83D258A9B85002041B2 /* Protocols */ = {
			isa = PBXGroup;
			children = (
				9902B83E258A9BA3002041B2 /* BaseTableViewCell.swift */,
			);
			path = Protocols;
			sourceTree = "<group>";
		};
		9902B841258AA241002041B2 /* CollectionViewCell */ = {
			isa = PBXGroup;
			children = (
				9902B842258AA272002041B2 /* MainCollectionViewCell.swift */,
				9902B843258AA272002041B2 /* MainCollectionViewCell.xib */,
			);
			path = CollectionViewCell;
			sourceTree = "<group>";
		};
		9902B847258AB5D3002041B2 /* Public */ = {
			isa = PBXGroup;
			children = (
				9902B848258AB5F0002041B2 /* RoundCorners.swift */,
				9902B84C258AB6AE002041B2 /* GradientBackground.swift */,
				993C879925926076004A4305 /* HEX.swift */,
				99324998259505B600865617 /* Pin.swift */,
				9932499C2595062600865617 /* UIImageView.swift */,
				9932499F259506D500865617 /* SafeIndex.swift */,
				9997EAAA259B2798000BBAE3 /* Date.swift */,
			);
			path = Public;
			sourceTree = "<group>";
		};
		990CA4D3256AC236004A8105 = {
			isa = PBXGroup;
			children = (
				990CA4DE256AC236004A8105 /* Gliese_581 */,
				990CA4DD256AC236004A8105 /* Products */,
				D990E65C2E1AB0F7F47D19A2 /* Pods */,
				9CAC3E0CCAAC08369D0A51E7 /* Frameworks */,
			);
			sourceTree = "<group>";
		};
		990CA4DD256AC236004A8105 /* Products */ = {
			isa = PBXGroup;
			children = (
				990CA4DC256AC236004A8105 /* Gliese_581.app */,
			);
			name = Products;
			sourceTree = "<group>";
		};
		990CA4DE256AC236004A8105 /* Gliese_581 */ = {
			isa = PBXGroup;
			children = (
				9974DF3025A204830036C971 /* AnalyticsService.swift */,
				9902B83D258A9B85002041B2 /* Protocols */,
				997EDB2925896159009E4122 /* Utils */,
				990CA51A256ADB30004A8105 /* Extentions */,
				990CA519256ADB20004A8105 /* OnBoarding */,
				997EDB1B25895B29009E4122 /* home */,
				990CA517256ADB07004A8105 /* Base */,
				990CA516256AC5F2004A8105 /* Supporting */,
				990CA4E8256AC238004A8105 /* Assets.xcassets */,
				990CA4EA256AC238004A8105 /* LaunchScreen.storyboard */,
				990CA4ED256AC238004A8105 /* Info.plist */,
				9974DF2D25A204060036C971 /* GoogleService-Info.plist */,
				9989337A25A3AC8200CDBC39 /* TinyYOLO.mlmodel */,
				9989337D25A3AE2900CDBC39 /* MobileNet.mlmodel */,
			);
			path = Gliese_581;
			sourceTree = "<group>";
		};
		990CA502256AC569004A8105 /* Fonts */ = {
			isa = PBXGroup;
			children = (
				990CA504256AC591004A8105 /* SF-Pro-Display-Bold.otf */,
				990CA50B256AC592004A8105 /* SF-Pro-Display-Medium.otf */,
				990CA50A256AC591004A8105 /* SF-Pro-Display-Regular.otf */,
				990CA503256AC590004A8105 /* SF-Pro-Display-Semibold.otf */,
				990CA509256AC591004A8105 /* SF-Pro-Rounded-Medium.otf */,
				990CA506256AC591004A8105 /* SF-Pro-Text-Bold.otf */,
				990CA505256AC591004A8105 /* SF-Pro-Text-Medium.otf */,
				990CA507256AC591004A8105 /* SF-Pro-Text-Regular.otf */,
				990CA508256AC591004A8105 /* SF-Pro-Text-Semibold.otf */,
			);
			path = Fonts;
			sourceTree = "<group>";
		};
		990CA516256AC5F2004A8105 /* Supporting */ = {
			isa = PBXGroup;
			children = (
				990CA4DF256AC236004A8105 /* AppDelegate.swift */,
				990CA4E1256AC236004A8105 /* SceneDelegate.swift */,
				990CA502256AC569004A8105 /* Fonts */,
			);
			path = Supporting;
			sourceTree = "<group>";
		};
		990CA517256ADB07004A8105 /* Base */ = {
			isa = PBXGroup;
			children = (
				990CA4FF256AC42C004A8105 /* BaseNC.swift */,
				990CA526256AE6E9004A8105 /* BaseVC.swift */,
				993C877D2592266D004A4305 /* FloatinLayout.swift */,
				993C878325922723004A4305 /* Appearence.swift */,
			);
			path = Base;
			sourceTree = "<group>";
		};
		990CA519256ADB20004A8105 /* OnBoarding */ = {
			isa = PBXGroup;
			children = (
				990CA4F6256AC2F3004A8105 /* FirstVC.swift */,
				990CA523256AE656004A8105 /* DateOfBirsthVC.swift */,
				990CA52A256AE860004A8105 /* TimeOfBirsthVC.swift */,
				990CA52D256AE8E7004A8105 /* CityOfBirsthVC.swift */,
				990CA530256AE913004A8105 /* GenderVC.swift */,
				990CA533256AE943004A8105 /* NameVC.swift */,
				990CA536256AE971004A8105 /* RelationShipsVC.swift */,
				990CA539256AE9A7004A8105 /* HandVC.swift */,
				9923FFA225802C26004F1F02 /* PayWallVC.swift */,
			);
			path = OnBoarding;
			sourceTree = "<group>";
		};
		990CA51A256ADB30004A8105 /* Extentions */ = {
			isa = PBXGroup;
			children = (
				9902B847258AB5D3002041B2 /* Public */,
				990CA51B256ADB3D004A8105 /* UI_Elements */,
				990CA4FC256AC323004A8105 /* Colors.swift */,
				990CA51D256ADB7B004A8105 /* Fonts.swift */,
				9902B839258A9909002041B2 /* Zodiac.swift */,
			);
			path = Extentions;
			sourceTree = "<group>";
		};
		990CA51B256ADB3D004A8105 /* UI_Elements */ = {
			isa = PBXGroup;
			children = (
				993249902595053200865617 /* Views */,
				99CF4F9B2580150C00F74D68 /* Buttons */,
				995D9D2E2592232E00651893 /* Labels */,
				990CA53C256AEB41004A8105 /* DatePicker.swift */,
				9923FF7F258019B1004F1F02 /* BigTextField.swift */,
				9923FFA525802CAC004F1F02 /* FeaturesView.swift */,
			);
			path = UI_Elements;
			sourceTree = "<group>";
		};
		993249902595053200865617 /* Views */ = {
			isa = PBXGroup;
			children = (
				997EDB2A25896168009E4122 /* CircleView.swift */,
				993249912595054300865617 /* SegmentControl.swift */,
				993249952595055C00865617 /* SegmentItem.swift */,
				994D1FD325977E1C002F8987 /* SectionHeader.swift */,
			);
			path = Views;
			sourceTree = "<group>";
		};
		995D9D2E2592232E00651893 /* Labels */ = {
			isa = PBXGroup;
			children = (
				990CA520256AE4AB004A8105 /* TitleLabel.swift */,
				9923FF9F25802640004F1F02 /* GenderLabel.swift */,
			);
			path = Labels;
			sourceTree = "<group>";
		};
		997EDB1B25895B29009E4122 /* home */ = {
			isa = PBXGroup;
			children = (
				997EDB1625895B19009E4122 /* HomeVC.swift */,
				997EDB1725895B19009E4122 /* HomeVC.xib */,
				9902B841258AA241002041B2 /* CollectionViewCell */,
				997EDB2225895F46009E4122 /* TableViewCell */,
				993C878A2592284F004A4305 /* MenuController.swift */,
				993C878B2592284F004A4305 /* MenuController.xib */,
				99DF7CFC25A072A600EA9913 /* Calendar */,
			);
			path = home;
			sourceTree = "<group>";
		};
		997EDB2225895F46009E4122 /* TableViewCell */ = {
			isa = PBXGroup;
			children = (
				997EDB1D25895D0F009E4122 /* InstanceHoroscopeCell.swift */,
				997EDB1E25895D0F009E4122 /* InstanceHoroscopeCell.xib */,
				997EDB2425895F5B009E4122 /* FocusCell.swift */,
				997EDB2525895F5B009E4122 /* FocusCell.xib */,
				993C878F25925638004A4305 /* CalendarCell.swift */,
				993C879025925638004A4305 /* CalendarCell.xib */,
			);
			path = TableViewCell;
			sourceTree = "<group>";
		};
		997EDB2925896159009E4122 /* Utils */ = {
			isa = PBXGroup;
			children = (
				9989337625A3A40C00CDBC39 /* Localize.swift */,
			);
			path = Utils;
			sourceTree = "<group>";
		};
		99CF4F9B2580150C00F74D68 /* Buttons */ = {
			isa = PBXGroup;
			children = (
				990CA4F9256AC30F004A8105 /* NextButton.swift */,
				99CF4F98258014FE00F74D68 /* ClearButton.swift */,
				9923FF9C25801EA8004F1F02 /* GenderButton.swift */,
				990F142B2596675F00AA7603 /* CenteredButton.swift */,
				990F142E259669D100AA7603 /* CenteredButton.xib */,
				990F14322596757F00AA7603 /* NibWrapper.swift */,
			);
			path = Buttons;
			sourceTree = "<group>";
		};
		99DF7CFC25A072A600EA9913 /* Calendar */ = {
			isa = PBXGroup;
			children = (
				994D1FCE25977324002F8987 /* CalendarVC.swift */,
				994D1FCF25977324002F8987 /* CalendarVC.xib */,
				99DF7CFE25A0743A00EA9913 /* MounthCell.swift */,
				99DF7CFF25A0743A00EA9913 /* MounthCell.xib */,
				99DF7D0325A07DA900EA9913 /* NumberCell.swift */,
				99DF7D0425A07DA900EA9913 /* NumberCell.xib */,
			);
			path = Calendar;
			sourceTree = "<group>";
		};
		9CAC3E0CCAAC08369D0A51E7 /* Frameworks */ = {
			isa = PBXGroup;
			children = (
				AC8B8043DF52DD0F747DCE7D /* Pods_Gliese_581.framework */,
			);
			name = Frameworks;
			sourceTree = "<group>";
		};
		D990E65C2E1AB0F7F47D19A2 /* Pods */ = {
			isa = PBXGroup;
			children = (
				31DBB4191EC3FECE395D622B /* Pods-Gliese_581.debug.xcconfig */,
				74FD4D4481571704090C8EF3 /* Pods-Gliese_581.release.xcconfig */,
			);
			path = Pods;
			sourceTree = "<group>";
		};
/* End PBXGroup section */

/* Begin PBXNativeTarget section */
		990CA4DB256AC236004A8105 /* Gliese_581 */ = {
			isa = PBXNativeTarget;
			buildConfigurationList = 990CA4F0256AC238004A8105 /* Build configuration list for PBXNativeTarget "Gliese_581" */;
			buildPhases = (
				5C7C6BC713F44D499B51D114 /* [CP] Check Pods Manifest.lock */,
				990CA4D8256AC236004A8105 /* Sources */,
				990CA4D9256AC236004A8105 /* Frameworks */,
				990CA4DA256AC236004A8105 /* Resources */,
				F98EAEC04EBFC9F1EB3DD9D6 /* [CP] Embed Pods Frameworks */,
			);
			buildRules = (
			);
			dependencies = (
			);
			name = Gliese_581;
			productName = Gliese_581;
			productReference = 990CA4DC256AC236004A8105 /* Gliese_581.app */;
			productType = "com.apple.product-type.application";
		};
/* End PBXNativeTarget section */

/* Begin PBXProject section */
		990CA4D4256AC236004A8105 /* Project object */ = {
			isa = PBXProject;
			attributes = {
				LastSwiftUpdateCheck = 1210;
				LastUpgradeCheck = 1210;
				TargetAttributes = {
					990CA4DB256AC236004A8105 = {
						CreatedOnToolsVersion = 12.1;
					};
				};
			};
			buildConfigurationList = 990CA4D7256AC236004A8105 /* Build configuration list for PBXProject "Gliese_581" */;
			compatibilityVersion = "Xcode 9.3";
			developmentRegion = en;
			hasScannedForEncodings = 0;
			knownRegions = (
				en,
				Base,
			);
			mainGroup = 990CA4D3256AC236004A8105;
			productRefGroup = 990CA4DD256AC236004A8105 /* Products */;
			projectDirPath = "";
			projectRoot = "";
			targets = (
				990CA4DB256AC236004A8105 /* Gliese_581 */,
			);
		};
/* End PBXProject section */

/* Begin PBXResourcesBuildPhase section */
		990CA4DA256AC236004A8105 /* Resources */ = {
			isa = PBXResourcesBuildPhase;
			buildActionMask = 2147483647;
			files = (
				990CA512256AC592004A8105 /* SF-Pro-Rounded-Medium.otf in Resources */,
				997EDB1925895B19009E4122 /* HomeVC.xib in Resources */,
				990CA50C256AC592004A8105 /* SF-Pro-Display-Semibold.otf in Resources */,
				99DF7D0625A07DA900EA9913 /* NumberCell.xib in Resources */,
				990CA4EC256AC238004A8105 /* LaunchScreen.storyboard in Resources */,
				997EDB2725895F5B009E4122 /* FocusCell.xib in Resources */,
				994D1FD125977324002F8987 /* CalendarVC.xib in Resources */,
				990CA50F256AC592004A8105 /* SF-Pro-Text-Bold.otf in Resources */,
				990CA50D256AC592004A8105 /* SF-Pro-Display-Bold.otf in Resources */,
				997EDB2025895D0F009E4122 /* InstanceHoroscopeCell.xib in Resources */,
				990CA511256AC592004A8105 /* SF-Pro-Text-Semibold.otf in Resources */,
				990CA514256AC592004A8105 /* SF-Pro-Display-Medium.otf in Resources */,
				990CA50E256AC592004A8105 /* SF-Pro-Text-Medium.otf in Resources */,
				990F142F259669D100AA7603 /* CenteredButton.xib in Resources */,
				990CA4E9256AC238004A8105 /* Assets.xcassets in Resources */,
				99DF7D0125A0743A00EA9913 /* MounthCell.xib in Resources */,
				993C878D2592284F004A4305 /* MenuController.xib in Resources */,
				993C879225925639004A4305 /* CalendarCell.xib in Resources */,
				990CA513256AC592004A8105 /* SF-Pro-Display-Regular.otf in Resources */,
				9974DF2E25A204060036C971 /* GoogleService-Info.plist in Resources */,
				9902B845258AA272002041B2 /* MainCollectionViewCell.xib in Resources */,
				990CA510256AC592004A8105 /* SF-Pro-Text-Regular.otf in Resources */,
			);
			runOnlyForDeploymentPostprocessing = 0;
		};
/* End PBXResourcesBuildPhase section */

/* Begin PBXShellScriptBuildPhase section */
		5C7C6BC713F44D499B51D114 /* [CP] Check Pods Manifest.lock */ = {
			isa = PBXShellScriptBuildPhase;
			buildActionMask = 2147483647;
			files = (
			);
			inputFileListPaths = (
			);
			inputPaths = (
				"${PODS_PODFILE_DIR_PATH}/Podfile.lock",
				"${PODS_ROOT}/Manifest.lock",
			);
			name = "[CP] Check Pods Manifest.lock";
			outputFileListPaths = (
			);
			outputPaths = (
				"$(DERIVED_FILE_DIR)/Pods-Gliese_581-checkManifestLockResult.txt",
			);
			runOnlyForDeploymentPostprocessing = 0;
			shellPath = /bin/sh;
			shellScript = "diff \"${PODS_PODFILE_DIR_PATH}/Podfile.lock\" \"${PODS_ROOT}/Manifest.lock\" > /dev/null\nif [ $? != 0 ] ; then\n    # print error to STDERR\n    echo \"error: The sandbox is not in sync with the Podfile.lock. Run 'pod install' or update your CocoaPods installation.\" >&2\n    exit 1\nfi\n# This output is used by Xcode 'outputs' to avoid re-running this script phase.\necho \"SUCCESS\" > \"${SCRIPT_OUTPUT_FILE_0}\"\n";
			showEnvVarsInLog = 0;
		};
		F98EAEC04EBFC9F1EB3DD9D6 /* [CP] Embed Pods Frameworks */ = {
			isa = PBXShellScriptBuildPhase;
			buildActionMask = 2147483647;
			files = (
			);
			inputFileListPaths = (
				"${PODS_ROOT}/Target Support Files/Pods-Gliese_581/Pods-Gliese_581-frameworks-${CONFIGURATION}-input-files.xcfilelist",
			);
			name = "[CP] Embed Pods Frameworks";
			outputFileListPaths = (
				"${PODS_ROOT}/Target Support Files/Pods-Gliese_581/Pods-Gliese_581-frameworks-${CONFIGURATION}-output-files.xcfilelist",
			);
			runOnlyForDeploymentPostprocessing = 0;
			shellPath = /bin/sh;
			shellScript = "\"${PODS_ROOT}/Target Support Files/Pods-Gliese_581/Pods-Gliese_581-frameworks.sh\"\n";
			showEnvVarsInLog = 0;
		};
/* End PBXShellScriptBuildPhase section */

/* Begin PBXSourcesBuildPhase section */
		990CA4D8256AC236004A8105 /* Sources */ = {
			isa = PBXSourcesBuildPhase;
			buildActionMask = 2147483647;
			files = (
				990F142C2596675F00AA7603 /* CenteredButton.swift in Sources */,
				9974DF3125A204830036C971 /* AnalyticsService.swift in Sources */,
				9932499D2595062600865617 /* UIImageView.swift in Sources */,
				990CA51E256ADB7B004A8105 /* Fonts.swift in Sources */,
				993249A0259506D500865617 /* SafeIndex.swift in Sources */,
				9989337E25A3AE2900CDBC39 /* MobileNet.mlmodel in Sources */,
				990F14332596757F00AA7603 /* NibWrapper.swift in Sources */,
				990CA53D256AEB41004A8105 /* DatePicker.swift in Sources */,
				993C877E2592266D004A4305 /* FloatinLayout.swift in Sources */,
				993C878C2592284F004A4305 /* MenuController.swift in Sources */,
				993249922595054300865617 /* SegmentControl.swift in Sources */,
				9902B844258AA272002041B2 /* MainCollectionViewCell.swift in Sources */,
				990CA4FA256AC30F004A8105 /* NextButton.swift in Sources */,
				990CA4FD256AC323004A8105 /* Colors.swift in Sources */,
				9902B83A258A9909002041B2 /* Zodiac.swift in Sources */,
				994D1FD025977324002F8987 /* CalendarVC.swift in Sources */,
				990CA52B256AE860004A8105 /* TimeOfBirsthVC.swift in Sources */,
				99DF7D0025A0743A00EA9913 /* MounthCell.swift in Sources */,
				993C878425922723004A4305 /* Appearence.swift in Sources */,
				994D1FD425977E1C002F8987 /* SectionHeader.swift in Sources */,
				997EDB2625895F5B009E4122 /* FocusCell.swift in Sources */,
				99CF4F99258014FE00F74D68 /* ClearButton.swift in Sources */,
				9989337725A3A40C00CDBC39 /* Localize.swift in Sources */,
				990CA4F7256AC2F3004A8105 /* FirstVC.swift in Sources */,
				993249962595055C00865617 /* SegmentItem.swift in Sources */,
				990CA534256AE943004A8105 /* NameVC.swift in Sources */,
				9902B84D258AB6AE002041B2 /* GradientBackground.swift in Sources */,
				9902B849258AB5F0002041B2 /* RoundCorners.swift in Sources */,
				990CA4E0256AC236004A8105 /* AppDelegate.swift in Sources */,
				990CA52E256AE8E7004A8105 /* CityOfBirsthVC.swift in Sources */,
				9923FFA025802640004F1F02 /* GenderLabel.swift in Sources */,
				99324999259505B600865617 /* Pin.swift in Sources */,
				9997EAAB259B2798000BBAE3 /* Date.swift in Sources */,
				9923FFA625802CAC004F1F02 /* FeaturesView.swift in Sources */,
				990CA527256AE6E9004A8105 /* BaseVC.swift in Sources */,
				990CA537256AE971004A8105 /* RelationShipsVC.swift in Sources */,
				9989337B25A3AC8200CDBC39 /* TinyYOLO.mlmodel in Sources */,
				990CA524256AE656004A8105 /* DateOfBirsthVC.swift in Sources */,
				997EDB1825895B19009E4122 /* HomeVC.swift in Sources */,
				9902B83F258A9BA3002041B2 /* BaseTableViewCell.swift in Sources */,
				993C879A25926076004A4305 /* HEX.swift in Sources */,
				990CA53A256AE9A7004A8105 /* HandVC.swift in Sources */,
				9923FF9D25801EA8004F1F02 /* GenderButton.swift in Sources */,
				990CA521256AE4AB004A8105 /* TitleLabel.swift in Sources */,
				9923FF80258019B1004F1F02 /* BigTextField.swift in Sources */,
				99DF7D0525A07DA900EA9913 /* NumberCell.swift in Sources */,
				990CA531256AE913004A8105 /* GenderVC.swift in Sources */,
				9923FFA325802C26004F1F02 /* PayWallVC.swift in Sources */,
				997EDB1F25895D0F009E4122 /* InstanceHoroscopeCell.swift in Sources */,
				990CA500256AC42C004A8105 /* BaseNC.swift in Sources */,
				990CA4E2256AC236004A8105 /* SceneDelegate.swift in Sources */,
				993C879125925639004A4305 /* CalendarCell.swift in Sources */,
				997EDB2B25896168009E4122 /* CircleView.swift in Sources */,
			);
			runOnlyForDeploymentPostprocessing = 0;
		};
/* End PBXSourcesBuildPhase section */

/* Begin PBXVariantGroup section */
		990CA4EA256AC238004A8105 /* LaunchScreen.storyboard */ = {
			isa = PBXVariantGroup;
			children = (
				990CA4EB256AC238004A8105 /* Base */,
			);
			name = LaunchScreen.storyboard;
			sourceTree = "<group>";
		};
/* End PBXVariantGroup section */

/* Begin XCBuildConfiguration section */
		990CA4EE256AC238004A8105 /* Debug */ = {
			isa = XCBuildConfiguration;
			buildSettings = {
				ALWAYS_SEARCH_USER_PATHS = NO;
				CLANG_ANALYZER_NONNULL = YES;
				CLANG_ANALYZER_NUMBER_OBJECT_CONVERSION = YES_AGGRESSIVE;
				CLANG_CXX_LANGUAGE_STANDARD = "gnu++14";
				CLANG_CXX_LIBRARY = "libc++";
				CLANG_ENABLE_MODULES = YES;
				CLANG_ENABLE_OBJC_ARC = YES;
				CLANG_ENABLE_OBJC_WEAK = YES;
				CLANG_WARN_BLOCK_CAPTURE_AUTORELEASING = YES;
				CLANG_WARN_BOOL_CONVERSION = YES;
				CLANG_WARN_COMMA = YES;
				CLANG_WARN_CONSTANT_CONVERSION = YES;
				CLANG_WARN_DEPRECATED_OBJC_IMPLEMENTATIONS = YES;
				CLANG_WARN_DIRECT_OBJC_ISA_USAGE = YES_ERROR;
				CLANG_WARN_DOCUMENTATION_COMMENTS = YES;
				CLANG_WARN_EMPTY_BODY = YES;
				CLANG_WARN_ENUM_CONVERSION = YES;
				CLANG_WARN_INFINITE_RECURSION = YES;
				CLANG_WARN_INT_CONVERSION = YES;
				CLANG_WARN_NON_LITERAL_NULL_CONVERSION = YES;
				CLANG_WARN_OBJC_IMPLICIT_RETAIN_SELF = YES;
				CLANG_WARN_OBJC_LITERAL_CONVERSION = YES;
				CLANG_WARN_OBJC_ROOT_CLASS = YES_ERROR;
				CLANG_WARN_QUOTED_INCLUDE_IN_FRAMEWORK_HEADER = YES;
				CLANG_WARN_RANGE_LOOP_ANALYSIS = YES;
				CLANG_WARN_STRICT_PROTOTYPES = YES;
				CLANG_WARN_SUSPICIOUS_MOVE = YES;
				CLANG_WARN_UNGUARDED_AVAILABILITY = YES_AGGRESSIVE;
				CLANG_WARN_UNREACHABLE_CODE = YES;
				CLANG_WARN__DUPLICATE_METHOD_MATCH = YES;
				COPY_PHASE_STRIP = NO;
				DEBUG_INFORMATION_FORMAT = dwarf;
				ENABLE_STRICT_OBJC_MSGSEND = YES;
				ENABLE_TESTABILITY = YES;
				GCC_C_LANGUAGE_STANDARD = gnu11;
				GCC_DYNAMIC_NO_PIC = NO;
				GCC_NO_COMMON_BLOCKS = YES;
				GCC_OPTIMIZATION_LEVEL = 0;
				GCC_PREPROCESSOR_DEFINITIONS = (
					"DEBUG=1",
					"$(inherited)",
				);
				GCC_WARN_64_TO_32_BIT_CONVERSION = YES;
				GCC_WARN_ABOUT_RETURN_TYPE = YES_ERROR;
				GCC_WARN_UNDECLARED_SELECTOR = YES;
				GCC_WARN_UNINITIALIZED_AUTOS = YES_AGGRESSIVE;
				GCC_WARN_UNUSED_FUNCTION = YES;
				GCC_WARN_UNUSED_VARIABLE = YES;
				IPHONEOS_DEPLOYMENT_TARGET = 14.1;
				MTL_ENABLE_DEBUG_INFO = INCLUDE_SOURCE;
				MTL_FAST_MATH = YES;
				ONLY_ACTIVE_ARCH = YES;
				SDKROOT = iphoneos;
				SWIFT_ACTIVE_COMPILATION_CONDITIONS = DEBUG;
				SWIFT_OPTIMIZATION_LEVEL = "-Onone";
			};
			name = Debug;
		};
		990CA4EF256AC238004A8105 /* Release */ = {
			isa = XCBuildConfiguration;
			buildSettings = {
				ALWAYS_SEARCH_USER_PATHS = NO;
				CLANG_ANALYZER_NONNULL = YES;
				CLANG_ANALYZER_NUMBER_OBJECT_CONVERSION = YES_AGGRESSIVE;
				CLANG_CXX_LANGUAGE_STANDARD = "gnu++14";
				CLANG_CXX_LIBRARY = "libc++";
				CLANG_ENABLE_MODULES = YES;
				CLANG_ENABLE_OBJC_ARC = YES;
				CLANG_ENABLE_OBJC_WEAK = YES;
				CLANG_WARN_BLOCK_CAPTURE_AUTORELEASING = YES;
				CLANG_WARN_BOOL_CONVERSION = YES;
				CLANG_WARN_COMMA = YES;
				CLANG_WARN_CONSTANT_CONVERSION = YES;
				CLANG_WARN_DEPRECATED_OBJC_IMPLEMENTATIONS = YES;
				CLANG_WARN_DIRECT_OBJC_ISA_USAGE = YES_ERROR;
				CLANG_WARN_DOCUMENTATION_COMMENTS = YES;
				CLANG_WARN_EMPTY_BODY = YES;
				CLANG_WARN_ENUM_CONVERSION = YES;
				CLANG_WARN_INFINITE_RECURSION = YES;
				CLANG_WARN_INT_CONVERSION = YES;
				CLANG_WARN_NON_LITERAL_NULL_CONVERSION = YES;
				CLANG_WARN_OBJC_IMPLICIT_RETAIN_SELF = YES;
				CLANG_WARN_OBJC_LITERAL_CONVERSION = YES;
				CLANG_WARN_OBJC_ROOT_CLASS = YES_ERROR;
				CLANG_WARN_QUOTED_INCLUDE_IN_FRAMEWORK_HEADER = YES;
				CLANG_WARN_RANGE_LOOP_ANALYSIS = YES;
				CLANG_WARN_STRICT_PROTOTYPES = YES;
				CLANG_WARN_SUSPICIOUS_MOVE = YES;
				CLANG_WARN_UNGUARDED_AVAILABILITY = YES_AGGRESSIVE;
				CLANG_WARN_UNREACHABLE_CODE = YES;
				CLANG_WARN__DUPLICATE_METHOD_MATCH = YES;
				COPY_PHASE_STRIP = NO;
				DEBUG_INFORMATION_FORMAT = "dwarf-with-dsym";
				ENABLE_NS_ASSERTIONS = NO;
				ENABLE_STRICT_OBJC_MSGSEND = YES;
				GCC_C_LANGUAGE_STANDARD = gnu11;
				GCC_NO_COMMON_BLOCKS = YES;
				GCC_WARN_64_TO_32_BIT_CONVERSION = YES;
				GCC_WARN_ABOUT_RETURN_TYPE = YES_ERROR;
				GCC_WARN_UNDECLARED_SELECTOR = YES;
				GCC_WARN_UNINITIALIZED_AUTOS = YES_AGGRESSIVE;
				GCC_WARN_UNUSED_FUNCTION = YES;
				GCC_WARN_UNUSED_VARIABLE = YES;
				IPHONEOS_DEPLOYMENT_TARGET = 14.1;
				MTL_ENABLE_DEBUG_INFO = NO;
				MTL_FAST_MATH = YES;
				SDKROOT = iphoneos;
				SWIFT_COMPILATION_MODE = wholemodule;
				SWIFT_OPTIMIZATION_LEVEL = "-O";
				VALIDATE_PRODUCT = YES;
			};
			name = Release;
		};
		990CA4F1256AC238004A8105 /* Debug */ = {
			isa = XCBuildConfiguration;
			baseConfigurationReference = 31DBB4191EC3FECE395D622B /* Pods-Gliese_581.debug.xcconfig */;
			buildSettings = {
				ASSETCATALOG_COMPILER_APPICON_NAME = AppIcon;
				ASSETCATALOG_COMPILER_GLOBAL_ACCENT_COLOR_NAME = AccentColor;
				CODE_SIGN_STYLE = Automatic;
				CURRENT_PROJECT_VERSION = 11;
				DEVELOPMENT_TEAM = JJC3HHT8LN;
				INFOPLIST_FILE = Gliese_581/Info.plist;
				LD_RUNPATH_SEARCH_PATHS = (
					"$(inherited)",
					"@executable_path/Frameworks",
				);
				MARKETING_VERSION = 1.01;
				PRODUCT_BUNDLE_IDENTIFIER = "ru.polykuzin.Gliese-581";
				PRODUCT_NAME = "$(TARGET_NAME)";
				SWIFT_VERSION = 5.0;
				TARGETED_DEVICE_FAMILY = 1;
			};
			name = Debug;
		};
		990CA4F2256AC238004A8105 /* Release */ = {
			isa = XCBuildConfiguration;
			baseConfigurationReference = 74FD4D4481571704090C8EF3 /* Pods-Gliese_581.release.xcconfig */;
			buildSettings = {
				ASSETCATALOG_COMPILER_APPICON_NAME = AppIcon;
				ASSETCATALOG_COMPILER_GLOBAL_ACCENT_COLOR_NAME = AccentColor;
				CODE_SIGN_STYLE = Automatic;
				CURRENT_PROJECT_VERSION = 11;
				DEVELOPMENT_TEAM = JJC3HHT8LN;
				INFOPLIST_FILE = Gliese_581/Info.plist;
				LD_RUNPATH_SEARCH_PATHS = (
					"$(inherited)",
					"@executable_path/Frameworks",
				);
				MARKETING_VERSION = 1.01;
				PRODUCT_BUNDLE_IDENTIFIER = "ru.polykuzin.Gliese-581";
				PRODUCT_NAME = "$(TARGET_NAME)";
				SWIFT_VERSION = 5.0;
				TARGETED_DEVICE_FAMILY = 1;
			};
			name = Release;
		};
/* End XCBuildConfiguration section */

/* Begin XCConfigurationList section */
		990CA4D7256AC236004A8105 /* Build configuration list for PBXProject "Gliese_581" */ = {
			isa = XCConfigurationList;
			buildConfigurations = (
				990CA4EE256AC238004A8105 /* Debug */,
				990CA4EF256AC238004A8105 /* Release */,
			);
			defaultConfigurationIsVisible = 0;
			defaultConfigurationName = Release;
		};
		990CA4F0256AC238004A8105 /* Build configuration list for PBXNativeTarget "Gliese_581" */ = {
			isa = XCConfigurationList;
			buildConfigurations = (
				990CA4F1256AC238004A8105 /* Debug */,
				990CA4F2256AC238004A8105 /* Release */,
			);
			defaultConfigurationIsVisible = 0;
			defaultConfigurationName = Release;
		};
/* End XCConfigurationList section */
	};
	rootObject = 990CA4D4256AC236004A8105 /* Project object */;
}
